// !$*UTF8*$!
{
	archiveVersion = 1;
	classes = {
	};
	objectVersion = 46;
	objects = {

/* Begin PBXBuildFile section */
		58B4672B96870D823E72869C /* Pods_Gank.framework in Frameworks */ = {isa = PBXBuildFile; fileRef = BBF349F95A2C7F4277EE5517 /* Pods_Gank.framework */; };
		600906E91E0020A6002F0A73 /* AHClassModel.swift in Sources */ = {isa = PBXBuildFile; fileRef = 600906E81E0020A6002F0A73 /* AHClassModel.swift */; };
		600BA13D1E0B7A67002E4D94 /* AHHomeViewController.swift in Sources */ = {isa = PBXBuildFile; fileRef = 600BA13C1E0B7A67002E4D94 /* AHHomeViewController.swift */; };
		600BA13F1E0B7AC8002E4D94 /* AHHomeGroupModel.swift in Sources */ = {isa = PBXBuildFile; fileRef = 600BA13E1E0B7AC8002E4D94 /* AHHomeGroupModel.swift */; };
		600BA1421E0B7E58002E4D94 /* tabbar_home_highlighted@2x.png in Resources */ = {isa = PBXBuildFile; fileRef = 600BA1401E0B7E58002E4D94 /* tabbar_home_highlighted@2x.png */; };
		600BA1431E0B7E58002E4D94 /* tabbar_home@2x.png in Resources */ = {isa = PBXBuildFile; fileRef = 600BA1411E0B7E58002E4D94 /* tabbar_home@2x.png */; };
		600BA1451E0B9478002E4D94 /* AHHomeGankModel.swift in Sources */ = {isa = PBXBuildFile; fileRef = 600BA1441E0B9478002E4D94 /* AHHomeGankModel.swift */; };
		600BA1481E0BB745002E4D94 /* AHHeaderSectionView.swift in Sources */ = {isa = PBXBuildFile; fileRef = 600BA1471E0BB745002E4D94 /* AHHeaderSectionView.swift */; };
		600BA14A1E0BB753002E4D94 /* AHHeaderSectionView.xib in Resources */ = {isa = PBXBuildFile; fileRef = 600BA1491E0BB753002E4D94 /* AHHeaderSectionView.xib */; };
		600BA14C1E0BBA72002E4D94 /* AHHomeHeaderView.swift in Sources */ = {isa = PBXBuildFile; fileRef = 600BA14B1E0BBA72002E4D94 /* AHHomeHeaderView.swift */; };
		600BA14E1E0BBA88002E4D94 /* AHHomeHeaderView.xib in Resources */ = {isa = PBXBuildFile; fileRef = 600BA14D1E0BBA88002E4D94 /* AHHomeHeaderView.xib */; };
		600BA1501E0BC469002E4D94 /* AHNavBar.swift in Sources */ = {isa = PBXBuildFile; fileRef = 600BA14F1E0BC469002E4D94 /* AHNavBar.swift */; };
		600D2B6C1DF8F1C200D57EA0 /* DispatchTime+Extension.swift in Sources */ = {isa = PBXBuildFile; fileRef = 600D2B691DF8F1C200D57EA0 /* DispatchTime+Extension.swift */; };
		600D2B6D1DF8F1C200D57EA0 /* NSObject+Extension.swift in Sources */ = {isa = PBXBuildFile; fileRef = 600D2B6A1DF8F1C200D57EA0 /* NSObject+Extension.swift */; };
		600D2B6E1DF8F1C200D57EA0 /* UIView+Extension.swift in Sources */ = {isa = PBXBuildFile; fileRef = 600D2B6B1DF8F1C200D57EA0 /* UIView+Extension.swift */; };
		600D2B731DF8F33E00D57EA0 /* AHMineViewController.swift in Sources */ = {isa = PBXBuildFile; fileRef = 600D2B721DF8F33E00D57EA0 /* AHMineViewController.swift */; };
		600D2B751DF8F35C00D57EA0 /* AHGankViewController.swift in Sources */ = {isa = PBXBuildFile; fileRef = 600D2B741DF8F35C00D57EA0 /* AHGankViewController.swift */; };
		600D2BA31DF8F7A900D57EA0 /* AHLaunchImageView.swift in Sources */ = {isa = PBXBuildFile; fileRef = 600D2BA21DF8F7A900D57EA0 /* AHLaunchImageView.swift */; };
		600D2BC01DF8FA9200D57EA0 /* BaseViewController.swift in Sources */ = {isa = PBXBuildFile; fileRef = 600D2BBF1DF8FA9200D57EA0 /* BaseViewController.swift */; };
		600DD41A1E0D1ABC00ACFC00 /* AHHomeCell.swift in Sources */ = {isa = PBXBuildFile; fileRef = 600DD4181E0D1ABC00ACFC00 /* AHHomeCell.swift */; };
		600DD41B1E0D1ABC00ACFC00 /* AHHomeCell.xib in Resources */ = {isa = PBXBuildFile; fileRef = 600DD4191E0D1ABC00ACFC00 /* AHHomeCell.xib */; };
		60144EA11E01632C00AC31D1 /* AHImageCell.swift in Sources */ = {isa = PBXBuildFile; fileRef = 60144E9F1E01632C00AC31D1 /* AHImageCell.swift */; };
		60144EA21E01632C00AC31D1 /* AHImageCell.xib in Resources */ = {isa = PBXBuildFile; fileRef = 60144EA01E01632C00AC31D1 /* AHImageCell.xib */; };
		601560921DFE820F00369E64 /* AHClassViewController.swift in Sources */ = {isa = PBXBuildFile; fileRef = 601560911DFE820F00369E64 /* AHClassViewController.swift */; };
		601560941DFEC46F00369E64 /* AHLoadingView.swift in Sources */ = {isa = PBXBuildFile; fileRef = 601560931DFEC46F00369E64 /* AHLoadingView.swift */; };
		601731321DF952D40069D4C4 /* AHLaunchViewController.swift in Sources */ = {isa = PBXBuildFile; fileRef = 601731311DF952D40069D4C4 /* AHLaunchViewController.swift */; };
		601731381DF97C200069D4C4 /* TabBarController.swift in Sources */ = {isa = PBXBuildFile; fileRef = 601731371DF97C200069D4C4 /* TabBarController.swift */; };
		601CF5B91DF836B4002AF8D5 /* AppDelegate.swift in Sources */ = {isa = PBXBuildFile; fileRef = 601CF5B81DF836B4002AF8D5 /* AppDelegate.swift */; };
		601CF5C01DF836B4002AF8D5 /* Assets.xcassets in Resources */ = {isa = PBXBuildFile; fileRef = 601CF5BF1DF836B4002AF8D5 /* Assets.xcassets */; };
		601CF5CE1DF836B5002AF8D5 /* GankTests.swift in Sources */ = {isa = PBXBuildFile; fileRef = 601CF5CD1DF836B5002AF8D5 /* GankTests.swift */; };
		601CF5D91DF836B5002AF8D5 /* GankUITests.swift in Sources */ = {isa = PBXBuildFile; fileRef = 601CF5D81DF836B5002AF8D5 /* GankUITests.swift */; };
		601CF5E91DF8379A002AF8D5 /* AHMainViewController.swift in Sources */ = {isa = PBXBuildFile; fileRef = 601CF5E81DF8379A002AF8D5 /* AHMainViewController.swift */; };
		6020138D1E24FBD8009C0184 /* AHSearchGankModel.swift in Sources */ = {isa = PBXBuildFile; fileRef = 6020138C1E24FBD7009C0184 /* AHSearchGankModel.swift */; };
		602754BD1E00FCC400A2B757 /* AHClassCell.swift in Sources */ = {isa = PBXBuildFile; fileRef = 602754BB1E00FCC400A2B757 /* AHClassCell.swift */; };
		602754BE1E00FCC400A2B757 /* AHClassCell.xib in Resources */ = {isa = PBXBuildFile; fileRef = 602754BC1E00FCC400A2B757 /* AHClassCell.xib */; };
		602754C11E01260700A2B757 /* FPSLabel.m in Sources */ = {isa = PBXBuildFile; fileRef = 602754C01E01260700A2B757 /* FPSLabel.m */; };
		6029BE921E4B30D700FCC56B /* icon_show_blue@2x.png in Resources */ = {isa = PBXBuildFile; fileRef = 6029BE901E4B30D600FCC56B /* icon_show_blue@2x.png */; };
		6029BE931E4B30D700FCC56B /* icon_show@2x.png in Resources */ = {isa = PBXBuildFile; fileRef = 6029BE911E4B30D700FCC56B /* icon_show@2x.png */; };
		6036A86C1E23762200ACDE90 /* BaseWebViewController.swift in Sources */ = {isa = PBXBuildFile; fileRef = 6036A86B1E23762200ACDE90 /* BaseWebViewController.swift */; };
		6036A8731E2376A600ACDE90 /* AHSearchViewController.swift in Sources */ = {isa = PBXBuildFile; fileRef = 6036A8721E2376A600ACDE90 /* AHSearchViewController.swift */; };
		6036A8751E2377DB00ACDE90 /* AHSearchViewController.xib in Resources */ = {isa = PBXBuildFile; fileRef = 6036A8741E2377DB00ACDE90 /* AHSearchViewController.xib */; };
		60396BEB1DF83C6A00A23DAA /* AHConfig.swift in Sources */ = {isa = PBXBuildFile; fileRef = 60396BEA1DF83C6A00A23DAA /* AHConfig.swift */; };
		6045F3781E0919FB002B0FB6 /* AHWebToolView.swift in Sources */ = {isa = PBXBuildFile; fileRef = 6045F3771E0919FB002B0FB6 /* AHWebToolView.swift */; };
		6045F37A1E091A06002B0FB6 /* AHWebToolView.xib in Resources */ = {isa = PBXBuildFile; fileRef = 6045F3791E091A06002B0FB6 /* AHWebToolView.xib */; };
		6045F37C1E092148002B0FB6 /* AHClassWebViewController.swift in Sources */ = {isa = PBXBuildFile; fileRef = 6045F37B1E092148002B0FB6 /* AHClassWebViewController.swift */; };
		6045F3801E09316C002B0FB6 /* nav_back@2x.png in Resources */ = {isa = PBXBuildFile; fileRef = 6045F37F1E09316C002B0FB6 /* nav_back@2x.png */; };
		6045F3861E09344C002B0FB6 /* nav_ list@2x.png in Resources */ = {isa = PBXBuildFile; fileRef = 6045F3851E09344C002B0FB6 /* nav_ list@2x.png */; };
		6045F38C1E093529002B0FB6 /* toolBar_back@2x.png in Resources */ = {isa = PBXBuildFile; fileRef = 6045F3871E093529002B0FB6 /* toolBar_back@2x.png */; };
		6045F38D1E093529002B0FB6 /* toolBar_forward@2x.png in Resources */ = {isa = PBXBuildFile; fileRef = 6045F3881E093529002B0FB6 /* toolBar_forward@2x.png */; };
		6045F3901E093529002B0FB6 /* toolBar_reload@2x.png in Resources */ = {isa = PBXBuildFile; fileRef = 6045F38B1E093529002B0FB6 /* toolBar_reload@2x.png */; };
		6045F3931E093624002B0FB6 /* toolBar_like_select@2x.png in Resources */ = {isa = PBXBuildFile; fileRef = 6045F3911E093624002B0FB6 /* toolBar_like_select@2x.png */; };
		6045F3941E093624002B0FB6 /* toolBar_like@2x.png in Resources */ = {isa = PBXBuildFile; fileRef = 6045F3921E093624002B0FB6 /* toolBar_like@2x.png */; };
		604A29BB1E273C3100228F69 /* AHSearchListView.swift in Sources */ = {isa = PBXBuildFile; fileRef = 604A29BA1E273C3100228F69 /* AHSearchListView.swift */; };
		604A29BD1E27629800228F69 /* AHSeatchTagBtn.swift in Sources */ = {isa = PBXBuildFile; fileRef = 604A29BC1E27629800228F69 /* AHSeatchTagBtn.swift */; };
		604A29C31E2767FE00228F69 /* AHListView.swift in Sources */ = {isa = PBXBuildFile; fileRef = 604A29BF1E2767FE00228F69 /* AHListView.swift */; };
		604A29C41E2767FE00228F69 /* AHMoreListView.swift in Sources */ = {isa = PBXBuildFile; fileRef = 604A29C01E2767FE00228F69 /* AHMoreListView.swift */; };
		604A29C51E2767FE00228F69 /* AHTagBtn.swift in Sources */ = {isa = PBXBuildFile; fileRef = 604A29C11E2767FE00228F69 /* AHTagBtn.swift */; };
		604A29C61E2767FE00228F69 /* AHTurnChannelViewController.swift in Sources */ = {isa = PBXBuildFile; fileRef = 604A29C21E2767FE00228F69 /* AHTurnChannelViewController.swift */; };
		604A29C81E27713B00228F69 /* icon_clean@2x.png in Resources */ = {isa = PBXBuildFile; fileRef = 604A29C71E27713B00228F69 /* icon_clean@2x.png */; };
		605E07F41E026D0E00225BA3 /* String+Extension.swift in Sources */ = {isa = PBXBuildFile; fileRef = 605E07F31E026D0E00225BA3 /* String+Extension.swift */; };
		606920BD1E2B927C0010945F /* AHSearchCell.swift in Sources */ = {isa = PBXBuildFile; fileRef = 606920BB1E2B927C0010945F /* AHSearchCell.swift */; };
		606920BE1E2B927C0010945F /* AHSearchCell.xib in Resources */ = {isa = PBXBuildFile; fileRef = 606920BC1E2B927C0010945F /* AHSearchCell.xib */; };
		6069380F1E04E86900918949 /* AHBrowserImageView.swift in Sources */ = {isa = PBXBuildFile; fileRef = 6069380E1E04E86900918949 /* AHBrowserImageView.swift */; };
		606938111E05303700918949 /* AHWaitingView.swift in Sources */ = {isa = PBXBuildFile; fileRef = 606938101E05303700918949 /* AHWaitingView.swift */; };
		606B1E2A1DFD7DFD00BD86E2 /* close_button@2x.png in Resources */ = {isa = PBXBuildFile; fileRef = 606B1E291DFD7DFD00BD86E2 /* close_button@2x.png */; };
		607042E01E2870B700462731 /* icon_search_ gray@2x.png in Resources */ = {isa = PBXBuildFile; fileRef = 607042DF1E2870B700462731 /* icon_search_ gray@2x.png */; };
		607042E21E28C69700462731 /* ToolKit.swift in Sources */ = {isa = PBXBuildFile; fileRef = 607042E11E28C69700462731 /* ToolKit.swift */; };
		607042E41E28CB5400462731 /* NSObject+alertController.swift in Sources */ = {isa = PBXBuildFile; fileRef = 607042E31E28CB5400462731 /* NSObject+alertController.swift */; };
		6073DD141DFFC46700C99E9C /* AHNewWorkingAgent.swift in Sources */ = {isa = PBXBuildFile; fileRef = 6073DD131DFFC46700C99E9C /* AHNewWorkingAgent.swift */; };
		6073DD161DFFC49E00C99E9C /* AHNetWorking.swift in Sources */ = {isa = PBXBuildFile; fileRef = 6073DD151DFFC49E00C99E9C /* AHNetWorking.swift */; };
		6074E3EC1E0A5F03006BCC8D /* icon_time@2x.png in Resources */ = {isa = PBXBuildFile; fileRef = 6074E3EA1E0A5F03006BCC8D /* icon_time@2x.png */; };
		6074E3F11E0A6CF0006BCC8D /* icon_editor@2x.png in Resources */ = {isa = PBXBuildFile; fileRef = 6074E3F01E0A6CF0006BCC8D /* icon_editor@2x.png */; };
		6084E1731E2364C200E8AC15 /* AHSearchView.swift in Sources */ = {isa = PBXBuildFile; fileRef = 6084E1721E2364C200E8AC15 /* AHSearchView.swift */; };
		6084E1751E2364D000E8AC15 /* AHSearchView.xib in Resources */ = {isa = PBXBuildFile; fileRef = 6084E1741E2364D000E8AC15 /* AHSearchView.xib */; };
		6084E1771E23660000E8AC15 /* icon_search@2x.png in Resources */ = {isa = PBXBuildFile; fileRef = 6084E1761E23660000E8AC15 /* icon_search@2x.png */; };
		6089C93B1E2E077200ACE2CB /* icon_collect@2x.png in Resources */ = {isa = PBXBuildFile; fileRef = 6089C9381E2E077200ACE2CB /* icon_collect@2x.png */; };
		6089C93C1E2E077200ACE2CB /* icon_safari@2x.png in Resources */ = {isa = PBXBuildFile; fileRef = 6089C9391E2E077200ACE2CB /* icon_safari@2x.png */; };
		6089C93D1E2E077200ACE2CB /* icon_share@2x.png in Resources */ = {isa = PBXBuildFile; fileRef = 6089C93A1E2E077200ACE2CB /* icon_share@2x.png */; };
		6089C9401E2E07C900ACE2CB /* AHMoreCell.swift in Sources */ = {isa = PBXBuildFile; fileRef = 6089C93E1E2E07C900ACE2CB /* AHMoreCell.swift */; };
		6089C9411E2E07C900ACE2CB /* AHMoreCell.xib in Resources */ = {isa = PBXBuildFile; fileRef = 6089C93F1E2E07C900ACE2CB /* AHMoreCell.xib */; };
		608C52301E2F678600BBE794 /* SQLiteManager.swift in Sources */ = {isa = PBXBuildFile; fileRef = 608C522F1E2F678600BBE794 /* SQLiteManager.swift */; };
		608C52331E2F70C800BBE794 /* AHGankDAO.swift in Sources */ = {isa = PBXBuildFile; fileRef = 608C52321E2F70C800BBE794 /* AHGankDAO.swift */; };
		608EED141DF9864700D1984A /* adver.png in Resources */ = {isa = PBXBuildFile; fileRef = 608EED131DF9864700D1984A /* adver.png */; };
		608EED161DF9898C00D1984A /* AHTimeButton.swift in Sources */ = {isa = PBXBuildFile; fileRef = 608EED151DF9898C00D1984A /* AHTimeButton.swift */; };
		60939DB81E220409003B3F13 /* icon_more@2x.png in Resources */ = {isa = PBXBuildFile; fileRef = 60939DB71E220409003B3F13 /* icon_more@2x.png */; };
		60939DBA1E220AA8003B3F13 /* AHTurnVCTransitionManager.swift in Sources */ = {isa = PBXBuildFile; fileRef = 60939DB91E220AA8003B3F13 /* AHTurnVCTransitionManager.swift */; };
		60939DBC1E220BC0003B3F13 /* AHPresentationController.swift in Sources */ = {isa = PBXBuildFile; fileRef = 60939DBB1E220BC0003B3F13 /* AHPresentationController.swift */; };
		60939DBE1E221E19003B3F13 /* add_button_normal@2x.png in Resources */ = {isa = PBXBuildFile; fileRef = 60939DBD1E221E19003B3F13 /* add_button_normal@2x.png */; };
		60939DC01E223F03003B3F13 /* icon_close_second@2x.png in Resources */ = {isa = PBXBuildFile; fileRef = 60939DBF1E223F03003B3F13 /* icon_close_second@2x.png */; };
		60A19DED1E213A98007D24D2 /* AHHomeWebViewController.swift in Sources */ = {isa = PBXBuildFile; fileRef = 60A19DEC1E213A98007D24D2 /* AHHomeWebViewController.swift */; };
		60C0935D1E2DBDBC004D6B90 /* icon_search_blue@2x.png in Resources */ = {isa = PBXBuildFile; fileRef = 60C0935C1E2DBDBC004D6B90 /* icon_search_blue@2x.png */; };
		60C093641E2DEF99004D6B90 /* AHMoreView.swift in Sources */ = {isa = PBXBuildFile; fileRef = 60C093631E2DEF99004D6B90 /* AHMoreView.swift */; };
		60C093661E2DEFA6004D6B90 /* AHMoreView.xib in Resources */ = {isa = PBXBuildFile; fileRef = 60C093651E2DEFA6004D6B90 /* AHMoreView.xib */; };
		60C7F8B61DFA66D30069E69A /* AHDisplayViewController.swift in Sources */ = {isa = PBXBuildFile; fileRef = 60C7F8B51DFA66D30069E69A /* AHDisplayViewController.swift */; };
		60C7F8B81DFA6B390069E69A /* back@2x.png in Resources */ = {isa = PBXBuildFile; fileRef = 60C7F8B71DFA6B390069E69A /* back@2x.png */; };
		60C7F8BE1DFA6B4E0069E69A /* find_select@2x.png in Resources */ = {isa = PBXBuildFile; fileRef = 60C7F8B91DFA6B4E0069E69A /* find_select@2x.png */; };
		60C7F8BF1DFA6B4E0069E69A /* find@2x.png in Resources */ = {isa = PBXBuildFile; fileRef = 60C7F8BA1DFA6B4E0069E69A /* find@2x.png */; };
		60C7F8C01DFA6B4E0069E69A /* property_select@2x.png in Resources */ = {isa = PBXBuildFile; fileRef = 60C7F8BB1DFA6B4E0069E69A /* property_select@2x.png */; };
		60C7F8C11DFA6B4E0069E69A /* property@2x.png in Resources */ = {isa = PBXBuildFile; fileRef = 60C7F8BC1DFA6B4E0069E69A /* property@2x.png */; };
		60C7F8C21DFA6B4E0069E69A /* tabBar_bgwhiteColor@2x.png in Resources */ = {isa = PBXBuildFile; fileRef = 60C7F8BD1DFA6B4E0069E69A /* tabBar_bgwhiteColor@2x.png */; };
		60C7F8D01DFAD3FE0069E69A /* close2_button@2x.png in Resources */ = {isa = PBXBuildFile; fileRef = 60C7F8CF1DFAD3FE0069E69A /* close2_button@2x.png */; };
		60CF67411E4AEB11001AD276 /* Validate.swift in Sources */ = {isa = PBXBuildFile; fileRef = 60CF67401E4AEB11001AD276 /* Validate.swift */; };
		60CF67441E4B1B58001AD276 /* AHRegisterViewController.swift in Sources */ = {isa = PBXBuildFile; fileRef = 60CF67421E4B1B58001AD276 /* AHRegisterViewController.swift */; };
		60CF67451E4B1B58001AD276 /* AHRegisterViewController.xib in Resources */ = {isa = PBXBuildFile; fileRef = 60CF67431E4B1B58001AD276 /* AHRegisterViewController.xib */; };
		60DDC86C1DF8FD88003F1464 /* loading1.png in Resources */ = {isa = PBXBuildFile; fileRef = 60DDC8671DF8FD88003F1464 /* loading1.png */; };
		60DDC86D1DF8FD88003F1464 /* loading2.png in Resources */ = {isa = PBXBuildFile; fileRef = 60DDC8681DF8FD88003F1464 /* loading2.png */; };
		60DDC86E1DF8FD88003F1464 /* loading3.png in Resources */ = {isa = PBXBuildFile; fileRef = 60DDC8691DF8FD88003F1464 /* loading3.png */; };
		60DDC86F1DF8FD88003F1464 /* loading4.png in Resources */ = {isa = PBXBuildFile; fileRef = 60DDC86A1DF8FD88003F1464 /* loading4.png */; };
		60DDC8701DF8FD88003F1464 /* loading5.png in Resources */ = {isa = PBXBuildFile; fileRef = 60DDC86B1DF8FD88003F1464 /* loading5.png */; };
		60EB31581E2374D900E93715 /* AHClosePopTranstion.swift in Sources */ = {isa = PBXBuildFile; fileRef = 60EB31561E2374D900E93715 /* AHClosePopTranstion.swift */; };
		60EB31591E2374D900E93715 /* AHPopTranstion.swift in Sources */ = {isa = PBXBuildFile; fileRef = 60EB31571E2374D900E93715 /* AHPopTranstion.swift */; };
		60EB315B1E2374E100E93715 /* AHPushTransition.swift in Sources */ = {isa = PBXBuildFile; fileRef = 60EB315A1E2374E100E93715 /* AHPushTransition.swift */; };
		60F0EE821E041AB800D8ECA0 /* AHPhotoBrowser.swift in Sources */ = {isa = PBXBuildFile; fileRef = 60F0EE811E041AB800D8ECA0 /* AHPhotoBrowser.swift */; };
		60F462331E49AF5700FDBE72 /* AHLoginViewController.swift in Sources */ = {isa = PBXBuildFile; fileRef = 60F462311E49AF5700FDBE72 /* AHLoginViewController.swift */; };
		60F462341E49AF5700FDBE72 /* AHLoginViewController.xib in Resources */ = {isa = PBXBuildFile; fileRef = 60F462321E49AF5700FDBE72 /* AHLoginViewController.xib */; };
		60F462361E49E22300FDBE72 /* CALayer+BorderColor.swift in Sources */ = {isa = PBXBuildFile; fileRef = 60F462351E49E22300FDBE72 /* CALayer+BorderColor.swift */; };
/* End PBXBuildFile section */

/* Begin PBXContainerItemProxy section */
		601CF5CA1DF836B5002AF8D5 /* PBXContainerItemProxy */ = {
			isa = PBXContainerItemProxy;
			containerPortal = 601CF5AD1DF836B4002AF8D5 /* Project object */;
			proxyType = 1;
			remoteGlobalIDString = 601CF5B41DF836B4002AF8D5;
			remoteInfo = Gank;
		};
		601CF5D51DF836B5002AF8D5 /* PBXContainerItemProxy */ = {
			isa = PBXContainerItemProxy;
			containerPortal = 601CF5AD1DF836B4002AF8D5 /* Project object */;
			proxyType = 1;
			remoteGlobalIDString = 601CF5B41DF836B4002AF8D5;
			remoteInfo = Gank;
		};
/* End PBXContainerItemProxy section */

/* Begin PBXFileReference section */
		509DED76A424BF17851C5780 /* Pods-Gank.release.xcconfig */ = {isa = PBXFileReference; includeInIndex = 1; lastKnownFileType = text.xcconfig; name = "Pods-Gank.release.xcconfig"; path = "Pods/Target Support Files/Pods-Gank/Pods-Gank.release.xcconfig"; sourceTree = "<group>"; };
		600906E81E0020A6002F0A73 /* AHClassModel.swift */ = {isa = PBXFileReference; fileEncoding = 4; lastKnownFileType = sourcecode.swift; path = AHClassModel.swift; sourceTree = "<group>"; };
		600BA13C1E0B7A67002E4D94 /* AHHomeViewController.swift */ = {isa = PBXFileReference; fileEncoding = 4; lastKnownFileType = sourcecode.swift; path = AHHomeViewController.swift; sourceTree = "<group>"; };
		600BA13E1E0B7AC8002E4D94 /* AHHomeGroupModel.swift */ = {isa = PBXFileReference; fileEncoding = 4; lastKnownFileType = sourcecode.swift; path = AHHomeGroupModel.swift; sourceTree = "<group>"; };
		600BA1401E0B7E58002E4D94 /* tabbar_home_highlighted@2x.png */ = {isa = PBXFileReference; lastKnownFileType = image.png; path = "tabbar_home_highlighted@2x.png"; sourceTree = "<group>"; };
		600BA1411E0B7E58002E4D94 /* tabbar_home@2x.png */ = {isa = PBXFileReference; lastKnownFileType = image.png; path = "tabbar_home@2x.png"; sourceTree = "<group>"; };
		600BA1441E0B9478002E4D94 /* AHHomeGankModel.swift */ = {isa = PBXFileReference; fileEncoding = 4; lastKnownFileType = sourcecode.swift; path = AHHomeGankModel.swift; sourceTree = "<group>"; };
		600BA1471E0BB745002E4D94 /* AHHeaderSectionView.swift */ = {isa = PBXFileReference; fileEncoding = 4; lastKnownFileType = sourcecode.swift; path = AHHeaderSectionView.swift; sourceTree = "<group>"; };
		600BA1491E0BB753002E4D94 /* AHHeaderSectionView.xib */ = {isa = PBXFileReference; fileEncoding = 4; lastKnownFileType = file.xib; path = AHHeaderSectionView.xib; sourceTree = "<group>"; };
		600BA14B1E0BBA72002E4D94 /* AHHomeHeaderView.swift */ = {isa = PBXFileReference; fileEncoding = 4; lastKnownFileType = sourcecode.swift; path = AHHomeHeaderView.swift; sourceTree = "<group>"; };
		600BA14D1E0BBA88002E4D94 /* AHHomeHeaderView.xib */ = {isa = PBXFileReference; fileEncoding = 4; lastKnownFileType = file.xib; path = AHHomeHeaderView.xib; sourceTree = "<group>"; };
		600BA14F1E0BC469002E4D94 /* AHNavBar.swift */ = {isa = PBXFileReference; fileEncoding = 4; lastKnownFileType = sourcecode.swift; name = AHNavBar.swift; path = ../../../Utility/AHNavBar.swift; sourceTree = "<group>"; };
		600D2B691DF8F1C200D57EA0 /* DispatchTime+Extension.swift */ = {isa = PBXFileReference; fileEncoding = 4; lastKnownFileType = sourcecode.swift; path = "DispatchTime+Extension.swift"; sourceTree = "<group>"; };
		600D2B6A1DF8F1C200D57EA0 /* NSObject+Extension.swift */ = {isa = PBXFileReference; fileEncoding = 4; lastKnownFileType = sourcecode.swift; path = "NSObject+Extension.swift"; sourceTree = "<group>"; };
		600D2B6B1DF8F1C200D57EA0 /* UIView+Extension.swift */ = {isa = PBXFileReference; fileEncoding = 4; lastKnownFileType = sourcecode.swift; path = "UIView+Extension.swift"; sourceTree = "<group>"; };
		600D2B721DF8F33E00D57EA0 /* AHMineViewController.swift */ = {isa = PBXFileReference; fileEncoding = 4; lastKnownFileType = sourcecode.swift; path = AHMineViewController.swift; sourceTree = "<group>"; };
		600D2B741DF8F35C00D57EA0 /* AHGankViewController.swift */ = {isa = PBXFileReference; fileEncoding = 4; lastKnownFileType = sourcecode.swift; path = AHGankViewController.swift; sourceTree = "<group>"; };
		600D2BA21DF8F7A900D57EA0 /* AHLaunchImageView.swift */ = {isa = PBXFileReference; fileEncoding = 4; lastKnownFileType = sourcecode.swift; path = AHLaunchImageView.swift; sourceTree = "<group>"; };
		600D2BBF1DF8FA9200D57EA0 /* BaseViewController.swift */ = {isa = PBXFileReference; fileEncoding = 4; lastKnownFileType = sourcecode.swift; path = BaseViewController.swift; sourceTree = "<group>"; };
		600DD4181E0D1ABC00ACFC00 /* AHHomeCell.swift */ = {isa = PBXFileReference; fileEncoding = 4; lastKnownFileType = sourcecode.swift; path = AHHomeCell.swift; sourceTree = "<group>"; };
		600DD4191E0D1ABC00ACFC00 /* AHHomeCell.xib */ = {isa = PBXFileReference; fileEncoding = 4; lastKnownFileType = file.xib; path = AHHomeCell.xib; sourceTree = "<group>"; };
		60144E9F1E01632C00AC31D1 /* AHImageCell.swift */ = {isa = PBXFileReference; fileEncoding = 4; lastKnownFileType = sourcecode.swift; path = AHImageCell.swift; sourceTree = "<group>"; };
		60144EA01E01632C00AC31D1 /* AHImageCell.xib */ = {isa = PBXFileReference; fileEncoding = 4; lastKnownFileType = file.xib; path = AHImageCell.xib; sourceTree = "<group>"; };
		601560911DFE820F00369E64 /* AHClassViewController.swift */ = {isa = PBXFileReference; fileEncoding = 4; lastKnownFileType = sourcecode.swift; path = AHClassViewController.swift; sourceTree = "<group>"; };
		601560931DFEC46F00369E64 /* AHLoadingView.swift */ = {isa = PBXFileReference; fileEncoding = 4; lastKnownFileType = sourcecode.swift; path = AHLoadingView.swift; sourceTree = "<group>"; };
		601731311DF952D40069D4C4 /* AHLaunchViewController.swift */ = {isa = PBXFileReference; fileEncoding = 4; lastKnownFileType = sourcecode.swift; path = AHLaunchViewController.swift; sourceTree = "<group>"; };
		601731371DF97C200069D4C4 /* TabBarController.swift */ = {isa = PBXFileReference; fileEncoding = 4; lastKnownFileType = sourcecode.swift; path = TabBarController.swift; sourceTree = "<group>"; };
		601CF5B51DF836B4002AF8D5 /* Gank.app */ = {isa = PBXFileReference; explicitFileType = wrapper.application; includeInIndex = 0; path = Gank.app; sourceTree = BUILT_PRODUCTS_DIR; };
		601CF5B81DF836B4002AF8D5 /* AppDelegate.swift */ = {isa = PBXFileReference; lastKnownFileType = sourcecode.swift; path = AppDelegate.swift; sourceTree = "<group>"; };
		601CF5BF1DF836B4002AF8D5 /* Assets.xcassets */ = {isa = PBXFileReference; lastKnownFileType = folder.assetcatalog; path = Assets.xcassets; sourceTree = "<group>"; };
		601CF5C41DF836B4002AF8D5 /* Info.plist */ = {isa = PBXFileReference; lastKnownFileType = text.plist.xml; path = Info.plist; sourceTree = "<group>"; };
		601CF5C91DF836B5002AF8D5 /* GankTests.xctest */ = {isa = PBXFileReference; explicitFileType = wrapper.cfbundle; includeInIndex = 0; path = GankTests.xctest; sourceTree = BUILT_PRODUCTS_DIR; };
		601CF5CD1DF836B5002AF8D5 /* GankTests.swift */ = {isa = PBXFileReference; lastKnownFileType = sourcecode.swift; path = GankTests.swift; sourceTree = "<group>"; };
		601CF5CF1DF836B5002AF8D5 /* Info.plist */ = {isa = PBXFileReference; lastKnownFileType = text.plist.xml; path = Info.plist; sourceTree = "<group>"; };
		601CF5D41DF836B5002AF8D5 /* GankUITests.xctest */ = {isa = PBXFileReference; explicitFileType = wrapper.cfbundle; includeInIndex = 0; path = GankUITests.xctest; sourceTree = BUILT_PRODUCTS_DIR; };
		601CF5D81DF836B5002AF8D5 /* GankUITests.swift */ = {isa = PBXFileReference; lastKnownFileType = sourcecode.swift; path = GankUITests.swift; sourceTree = "<group>"; };
		601CF5DA1DF836B5002AF8D5 /* Info.plist */ = {isa = PBXFileReference; lastKnownFileType = text.plist.xml; path = Info.plist; sourceTree = "<group>"; };
		601CF5E81DF8379A002AF8D5 /* AHMainViewController.swift */ = {isa = PBXFileReference; fileEncoding = 4; lastKnownFileType = sourcecode.swift; path = AHMainViewController.swift; sourceTree = "<group>"; };
		6020138C1E24FBD7009C0184 /* AHSearchGankModel.swift */ = {isa = PBXFileReference; fileEncoding = 4; lastKnownFileType = sourcecode.swift; path = AHSearchGankModel.swift; sourceTree = "<group>"; };
		602388AD1E1E8DEB00121DE3 /* libsqlite3.tbd */ = {isa = PBXFileReference; lastKnownFileType = "sourcecode.text-based-dylib-definition"; name = libsqlite3.tbd; path = usr/lib/libsqlite3.tbd; sourceTree = SDKROOT; };
		602754BB1E00FCC400A2B757 /* AHClassCell.swift */ = {isa = PBXFileReference; fileEncoding = 4; lastKnownFileType = sourcecode.swift; path = AHClassCell.swift; sourceTree = "<group>"; };
		602754BC1E00FCC400A2B757 /* AHClassCell.xib */ = {isa = PBXFileReference; fileEncoding = 4; lastKnownFileType = file.xib; path = AHClassCell.xib; sourceTree = "<group>"; };
		602754BF1E01260700A2B757 /* FPSLabel.h */ = {isa = PBXFileReference; fileEncoding = 4; lastKnownFileType = sourcecode.c.h; path = FPSLabel.h; sourceTree = "<group>"; };
		602754C01E01260700A2B757 /* FPSLabel.m */ = {isa = PBXFileReference; fileEncoding = 4; lastKnownFileType = sourcecode.c.objc; path = FPSLabel.m; sourceTree = "<group>"; };
		6029BE901E4B30D600FCC56B /* icon_show_blue@2x.png */ = {isa = PBXFileReference; lastKnownFileType = image.png; path = "icon_show_blue@2x.png"; sourceTree = "<group>"; };
		6029BE911E4B30D700FCC56B /* icon_show@2x.png */ = {isa = PBXFileReference; lastKnownFileType = image.png; path = "icon_show@2x.png"; sourceTree = "<group>"; };
		6036A86B1E23762200ACDE90 /* BaseWebViewController.swift */ = {isa = PBXFileReference; fileEncoding = 4; lastKnownFileType = sourcecode.swift; path = BaseWebViewController.swift; sourceTree = "<group>"; };
		6036A8721E2376A600ACDE90 /* AHSearchViewController.swift */ = {isa = PBXFileReference; fileEncoding = 4; lastKnownFileType = sourcecode.swift; path = AHSearchViewController.swift; sourceTree = "<group>"; };
		6036A8741E2377DB00ACDE90 /* AHSearchViewController.xib */ = {isa = PBXFileReference; fileEncoding = 4; lastKnownFileType = file.xib; path = AHSearchViewController.xib; sourceTree = "<group>"; };
		60396BEA1DF83C6A00A23DAA /* AHConfig.swift */ = {isa = PBXFileReference; fileEncoding = 4; lastKnownFileType = sourcecode.swift; path = AHConfig.swift; sourceTree = "<group>"; };
		6045F3771E0919FB002B0FB6 /* AHWebToolView.swift */ = {isa = PBXFileReference; fileEncoding = 4; lastKnownFileType = sourcecode.swift; path = AHWebToolView.swift; sourceTree = "<group>"; };
		6045F3791E091A06002B0FB6 /* AHWebToolView.xib */ = {isa = PBXFileReference; fileEncoding = 4; lastKnownFileType = file.xib; path = AHWebToolView.xib; sourceTree = "<group>"; };
		6045F37B1E092148002B0FB6 /* AHClassWebViewController.swift */ = {isa = PBXFileReference; fileEncoding = 4; lastKnownFileType = sourcecode.swift; path = AHClassWebViewController.swift; sourceTree = "<group>"; };
		6045F37F1E09316C002B0FB6 /* nav_back@2x.png */ = {isa = PBXFileReference; lastKnownFileType = image.png; path = "nav_back@2x.png"; sourceTree = "<group>"; };
		6045F3851E09344C002B0FB6 /* nav_ list@2x.png */ = {isa = PBXFileReference; lastKnownFileType = image.png; path = "nav_ list@2x.png"; sourceTree = "<group>"; };
		6045F3871E093529002B0FB6 /* toolBar_back@2x.png */ = {isa = PBXFileReference; lastKnownFileType = image.png; path = "toolBar_back@2x.png"; sourceTree = "<group>"; };
		6045F3881E093529002B0FB6 /* toolBar_forward@2x.png */ = {isa = PBXFileReference; lastKnownFileType = image.png; path = "toolBar_forward@2x.png"; sourceTree = "<group>"; };
		6045F38B1E093529002B0FB6 /* toolBar_reload@2x.png */ = {isa = PBXFileReference; lastKnownFileType = image.png; path = "toolBar_reload@2x.png"; sourceTree = "<group>"; };
		6045F3911E093624002B0FB6 /* toolBar_like_select@2x.png */ = {isa = PBXFileReference; lastKnownFileType = image.png; path = "toolBar_like_select@2x.png"; sourceTree = "<group>"; };
		6045F3921E093624002B0FB6 /* toolBar_like@2x.png */ = {isa = PBXFileReference; lastKnownFileType = image.png; path = "toolBar_like@2x.png"; sourceTree = "<group>"; };
		604A29BA1E273C3100228F69 /* AHSearchListView.swift */ = {isa = PBXFileReference; fileEncoding = 4; lastKnownFileType = sourcecode.swift; name = AHSearchListView.swift; path = ../AHSearchListView.swift; sourceTree = "<group>"; };
		604A29BC1E27629800228F69 /* AHSeatchTagBtn.swift */ = {isa = PBXFileReference; fileEncoding = 4; lastKnownFileType = sourcecode.swift; name = AHSeatchTagBtn.swift; path = ../AHSeatchTagBtn.swift; sourceTree = "<group>"; };
		604A29BF1E2767FE00228F69 /* AHListView.swift */ = {isa = PBXFileReference; fileEncoding = 4; lastKnownFileType = sourcecode.swift; path = AHListView.swift; sourceTree = "<group>"; };
		604A29C01E2767FE00228F69 /* AHMoreListView.swift */ = {isa = PBXFileReference; fileEncoding = 4; lastKnownFileType = sourcecode.swift; path = AHMoreListView.swift; sourceTree = "<group>"; };
		604A29C11E2767FE00228F69 /* AHTagBtn.swift */ = {isa = PBXFileReference; fileEncoding = 4; lastKnownFileType = sourcecode.swift; path = AHTagBtn.swift; sourceTree = "<group>"; };
		604A29C21E2767FE00228F69 /* AHTurnChannelViewController.swift */ = {isa = PBXFileReference; fileEncoding = 4; lastKnownFileType = sourcecode.swift; path = AHTurnChannelViewController.swift; sourceTree = "<group>"; };
		604A29C71E27713B00228F69 /* icon_clean@2x.png */ = {isa = PBXFileReference; lastKnownFileType = image.png; path = "icon_clean@2x.png"; sourceTree = "<group>"; };
		605E07F31E026D0E00225BA3 /* String+Extension.swift */ = {isa = PBXFileReference; fileEncoding = 4; lastKnownFileType = sourcecode.swift; path = "String+Extension.swift"; sourceTree = "<group>"; };
		606920BB1E2B927C0010945F /* AHSearchCell.swift */ = {isa = PBXFileReference; fileEncoding = 4; lastKnownFileType = sourcecode.swift; name = AHSearchCell.swift; path = ../AHSearchCell.swift; sourceTree = "<group>"; };
		606920BC1E2B927C0010945F /* AHSearchCell.xib */ = {isa = PBXFileReference; fileEncoding = 4; lastKnownFileType = file.xib; name = AHSearchCell.xib; path = ../AHSearchCell.xib; sourceTree = "<group>"; };
		6069380E1E04E86900918949 /* AHBrowserImageView.swift */ = {isa = PBXFileReference; fileEncoding = 4; lastKnownFileType = sourcecode.swift; path = AHBrowserImageView.swift; sourceTree = "<group>"; };
		606938101E05303700918949 /* AHWaitingView.swift */ = {isa = PBXFileReference; fileEncoding = 4; lastKnownFileType = sourcecode.swift; path = AHWaitingView.swift; sourceTree = "<group>"; };
		606B1E291DFD7DFD00BD86E2 /* close_button@2x.png */ = {isa = PBXFileReference; lastKnownFileType = image.png; path = "close_button@2x.png"; sourceTree = "<group>"; };
		607042DF1E2870B700462731 /* icon_search_ gray@2x.png */ = {isa = PBXFileReference; lastKnownFileType = image.png; path = "icon_search_ gray@2x.png"; sourceTree = "<group>"; };
		607042E11E28C69700462731 /* ToolKit.swift */ = {isa = PBXFileReference; fileEncoding = 4; lastKnownFileType = sourcecode.swift; name = ToolKit.swift; path = Transtion/ToolKit.swift; sourceTree = "<group>"; };
		607042E31E28CB5400462731 /* NSObject+alertController.swift */ = {isa = PBXFileReference; fileEncoding = 4; lastKnownFileType = sourcecode.swift; name = "NSObject+alertController.swift"; path = "../Utility/NSObject+alertController.swift"; sourceTree = "<group>"; };
		6073DD131DFFC46700C99E9C /* AHNewWorkingAgent.swift */ = {isa = PBXFileReference; fileEncoding = 4; lastKnownFileType = sourcecode.swift; path = AHNewWorkingAgent.swift; sourceTree = "<group>"; };
		6073DD151DFFC49E00C99E9C /* AHNetWorking.swift */ = {isa = PBXFileReference; fileEncoding = 4; lastKnownFileType = sourcecode.swift; path = AHNetWorking.swift; sourceTree = "<group>"; };
		6074E3EA1E0A5F03006BCC8D /* icon_time@2x.png */ = {isa = PBXFileReference; lastKnownFileType = image.png; path = "icon_time@2x.png"; sourceTree = "<group>"; };
		6074E3F01E0A6CF0006BCC8D /* icon_editor@2x.png */ = {isa = PBXFileReference; lastKnownFileType = image.png; path = "icon_editor@2x.png"; sourceTree = "<group>"; };
		6084E1721E2364C200E8AC15 /* AHSearchView.swift */ = {isa = PBXFileReference; fileEncoding = 4; lastKnownFileType = sourcecode.swift; path = AHSearchView.swift; sourceTree = "<group>"; };
		6084E1741E2364D000E8AC15 /* AHSearchView.xib */ = {isa = PBXFileReference; fileEncoding = 4; lastKnownFileType = file.xib; path = AHSearchView.xib; sourceTree = "<group>"; };
		6084E1761E23660000E8AC15 /* icon_search@2x.png */ = {isa = PBXFileReference; lastKnownFileType = image.png; path = "icon_search@2x.png"; sourceTree = "<group>"; };
		6089C9381E2E077200ACE2CB /* icon_collect@2x.png */ = {isa = PBXFileReference; lastKnownFileType = image.png; path = "icon_collect@2x.png"; sourceTree = "<group>"; };
		6089C9391E2E077200ACE2CB /* icon_safari@2x.png */ = {isa = PBXFileReference; lastKnownFileType = image.png; path = "icon_safari@2x.png"; sourceTree = "<group>"; };
		6089C93A1E2E077200ACE2CB /* icon_share@2x.png */ = {isa = PBXFileReference; lastKnownFileType = image.png; path = "icon_share@2x.png"; sourceTree = "<group>"; };
		6089C93E1E2E07C900ACE2CB /* AHMoreCell.swift */ = {isa = PBXFileReference; fileEncoding = 4; lastKnownFileType = sourcecode.swift; path = AHMoreCell.swift; sourceTree = "<group>"; };
		6089C93F1E2E07C900ACE2CB /* AHMoreCell.xib */ = {isa = PBXFileReference; fileEncoding = 4; lastKnownFileType = file.xib; path = AHMoreCell.xib; sourceTree = "<group>"; };
		608C522F1E2F678600BBE794 /* SQLiteManager.swift */ = {isa = PBXFileReference; fileEncoding = 4; lastKnownFileType = sourcecode.swift; name = SQLiteManager.swift; path = Gank/Utility/SQLiteManager.swift; sourceTree = SOURCE_ROOT; };
		608C52321E2F70C800BBE794 /* AHGankDAO.swift */ = {isa = PBXFileReference; fileEncoding = 4; lastKnownFileType = sourcecode.swift; path = AHGankDAO.swift; sourceTree = "<group>"; };
		608EED131DF9864700D1984A /* adver.png */ = {isa = PBXFileReference; lastKnownFileType = image.png; path = adver.png; sourceTree = "<group>"; };
		608EED151DF9898C00D1984A /* AHTimeButton.swift */ = {isa = PBXFileReference; fileEncoding = 4; lastKnownFileType = sourcecode.swift; path = AHTimeButton.swift; sourceTree = "<group>"; };
		60939DB71E220409003B3F13 /* icon_more@2x.png */ = {isa = PBXFileReference; lastKnownFileType = image.png; path = "icon_more@2x.png"; sourceTree = "<group>"; };
		60939DB91E220AA8003B3F13 /* AHTurnVCTransitionManager.swift */ = {isa = PBXFileReference; fileEncoding = 4; lastKnownFileType = sourcecode.swift; path = AHTurnVCTransitionManager.swift; sourceTree = "<group>"; };
		60939DBB1E220BC0003B3F13 /* AHPresentationController.swift */ = {isa = PBXFileReference; fileEncoding = 4; lastKnownFileType = sourcecode.swift; path = AHPresentationController.swift; sourceTree = "<group>"; };
		60939DBD1E221E19003B3F13 /* add_button_normal@2x.png */ = {isa = PBXFileReference; lastKnownFileType = image.png; path = "add_button_normal@2x.png"; sourceTree = "<group>"; };
		60939DBF1E223F03003B3F13 /* icon_close_second@2x.png */ = {isa = PBXFileReference; lastKnownFileType = image.png; path = "icon_close_second@2x.png"; sourceTree = "<group>"; };
		60A19DEC1E213A98007D24D2 /* AHHomeWebViewController.swift */ = {isa = PBXFileReference; fileEncoding = 4; lastKnownFileType = sourcecode.swift; path = AHHomeWebViewController.swift; sourceTree = "<group>"; };
		60C0935C1E2DBDBC004D6B90 /* icon_search_blue@2x.png */ = {isa = PBXFileReference; lastKnownFileType = image.png; path = "icon_search_blue@2x.png"; sourceTree = "<group>"; };
		60C093631E2DEF99004D6B90 /* AHMoreView.swift */ = {isa = PBXFileReference; fileEncoding = 4; lastKnownFileType = sourcecode.swift; path = AHMoreView.swift; sourceTree = "<group>"; };
		60C093651E2DEFA6004D6B90 /* AHMoreView.xib */ = {isa = PBXFileReference; fileEncoding = 4; lastKnownFileType = file.xib; path = AHMoreView.xib; sourceTree = "<group>"; };
		60C7F8B51DFA66D30069E69A /* AHDisplayViewController.swift */ = {isa = PBXFileReference; fileEncoding = 4; lastKnownFileType = sourcecode.swift; path = AHDisplayViewController.swift; sourceTree = "<group>"; };
		60C7F8B71DFA6B390069E69A /* back@2x.png */ = {isa = PBXFileReference; lastKnownFileType = image.png; path = "back@2x.png"; sourceTree = "<group>"; };
		60C7F8B91DFA6B4E0069E69A /* find_select@2x.png */ = {isa = PBXFileReference; lastKnownFileType = image.png; path = "find_select@2x.png"; sourceTree = "<group>"; };
		60C7F8BA1DFA6B4E0069E69A /* find@2x.png */ = {isa = PBXFileReference; lastKnownFileType = image.png; path = "find@2x.png"; sourceTree = "<group>"; };
		60C7F8BB1DFA6B4E0069E69A /* property_select@2x.png */ = {isa = PBXFileReference; lastKnownFileType = image.png; path = "property_select@2x.png"; sourceTree = "<group>"; };
		60C7F8BC1DFA6B4E0069E69A /* property@2x.png */ = {isa = PBXFileReference; lastKnownFileType = image.png; path = "property@2x.png"; sourceTree = "<group>"; };
		60C7F8BD1DFA6B4E0069E69A /* tabBar_bgwhiteColor@2x.png */ = {isa = PBXFileReference; lastKnownFileType = image.png; path = "tabBar_bgwhiteColor@2x.png"; sourceTree = "<group>"; };
		60C7F8C71DFA9CB20069E69A /* Gank-Bridging-Header.h */ = {isa = PBXFileReference; lastKnownFileType = sourcecode.c.h; path = "Gank-Bridging-Header.h"; sourceTree = "<group>"; };
		60C7F8CF1DFAD3FE0069E69A /* close2_button@2x.png */ = {isa = PBXFileReference; lastKnownFileType = image.png; path = "close2_button@2x.png"; sourceTree = "<group>"; };
		60CF67401E4AEB11001AD276 /* Validate.swift */ = {isa = PBXFileReference; fileEncoding = 4; lastKnownFileType = sourcecode.swift; path = Validate.swift; sourceTree = "<group>"; };
		60CF67421E4B1B58001AD276 /* AHRegisterViewController.swift */ = {isa = PBXFileReference; fileEncoding = 4; lastKnownFileType = sourcecode.swift; path = AHRegisterViewController.swift; sourceTree = "<group>"; };
		60CF67431E4B1B58001AD276 /* AHRegisterViewController.xib */ = {isa = PBXFileReference; fileEncoding = 4; lastKnownFileType = file.xib; path = AHRegisterViewController.xib; sourceTree = "<group>"; };
		60DDC8671DF8FD88003F1464 /* loading1.png */ = {isa = PBXFileReference; lastKnownFileType = image.png; path = loading1.png; sourceTree = "<group>"; };
		60DDC8681DF8FD88003F1464 /* loading2.png */ = {isa = PBXFileReference; lastKnownFileType = image.png; path = loading2.png; sourceTree = "<group>"; };
		60DDC8691DF8FD88003F1464 /* loading3.png */ = {isa = PBXFileReference; lastKnownFileType = image.png; path = loading3.png; sourceTree = "<group>"; };
		60DDC86A1DF8FD88003F1464 /* loading4.png */ = {isa = PBXFileReference; lastKnownFileType = image.png; path = loading4.png; sourceTree = "<group>"; };
		60DDC86B1DF8FD88003F1464 /* loading5.png */ = {isa = PBXFileReference; lastKnownFileType = image.png; path = loading5.png; sourceTree = "<group>"; };
		60EB31561E2374D900E93715 /* AHClosePopTranstion.swift */ = {isa = PBXFileReference; fileEncoding = 4; lastKnownFileType = sourcecode.swift; path = AHClosePopTranstion.swift; sourceTree = "<group>"; };
		60EB31571E2374D900E93715 /* AHPopTranstion.swift */ = {isa = PBXFileReference; fileEncoding = 4; lastKnownFileType = sourcecode.swift; path = AHPopTranstion.swift; sourceTree = "<group>"; };
		60EB315A1E2374E100E93715 /* AHPushTransition.swift */ = {isa = PBXFileReference; fileEncoding = 4; lastKnownFileType = sourcecode.swift; path = AHPushTransition.swift; sourceTree = "<group>"; };
		60F0EE811E041AB800D8ECA0 /* AHPhotoBrowser.swift */ = {isa = PBXFileReference; fileEncoding = 4; lastKnownFileType = sourcecode.swift; path = AHPhotoBrowser.swift; sourceTree = "<group>"; };
		60F462311E49AF5700FDBE72 /* AHLoginViewController.swift */ = {isa = PBXFileReference; fileEncoding = 4; lastKnownFileType = sourcecode.swift; path = AHLoginViewController.swift; sourceTree = "<group>"; };
		60F462321E49AF5700FDBE72 /* AHLoginViewController.xib */ = {isa = PBXFileReference; fileEncoding = 4; lastKnownFileType = file.xib; path = AHLoginViewController.xib; sourceTree = "<group>"; };
		60F462351E49E22300FDBE72 /* CALayer+BorderColor.swift */ = {isa = PBXFileReference; fileEncoding = 4; lastKnownFileType = sourcecode.swift; path = "CALayer+BorderColor.swift"; sourceTree = "<group>"; };
		92E140CCC03B446F1E0E29B6 /* Pods-Gank.debug.xcconfig */ = {isa = PBXFileReference; includeInIndex = 1; lastKnownFileType = text.xcconfig; name = "Pods-Gank.debug.xcconfig"; path = "Pods/Target Support Files/Pods-Gank/Pods-Gank.debug.xcconfig"; sourceTree = "<group>"; };
		BBF349F95A2C7F4277EE5517 /* Pods_Gank.framework */ = {isa = PBXFileReference; explicitFileType = wrapper.framework; includeInIndex = 0; path = Pods_Gank.framework; sourceTree = BUILT_PRODUCTS_DIR; };
/* End PBXFileReference section */

/* Begin PBXFrameworksBuildPhase section */
		601CF5B21DF836B4002AF8D5 /* Frameworks */ = {
			isa = PBXFrameworksBuildPhase;
			buildActionMask = 2147483647;
			files = (
				58B4672B96870D823E72869C /* Pods_Gank.framework in Frameworks */,
			);
			runOnlyForDeploymentPostprocessing = 0;
		};
		601CF5C61DF836B5002AF8D5 /* Frameworks */ = {
			isa = PBXFrameworksBuildPhase;
			buildActionMask = 2147483647;
			files = (
			);
			runOnlyForDeploymentPostprocessing = 0;
		};
		601CF5D11DF836B5002AF8D5 /* Frameworks */ = {
			isa = PBXFrameworksBuildPhase;
			buildActionMask = 2147483647;
			files = (
			);
			runOnlyForDeploymentPostprocessing = 0;
		};
/* End PBXFrameworksBuildPhase section */

/* Begin PBXGroup section */
		0E0B9EBC23FB2AC050EFE4B6 /* Pods */ = {
			isa = PBXGroup;
			children = (
				92E140CCC03B446F1E0E29B6 /* Pods-Gank.debug.xcconfig */,
				509DED76A424BF17851C5780 /* Pods-Gank.release.xcconfig */,
			);
			name = Pods;
			sourceTree = "<group>";
		};
		48C3906A1A4216AA1872B259 /* Frameworks */ = {
			isa = PBXGroup;
			children = (
				602388AD1E1E8DEB00121DE3 /* libsqlite3.tbd */,
				BBF349F95A2C7F4277EE5517 /* Pods_Gank.framework */,
			);
			name = Frameworks;
			sourceTree = "<group>";
		};
		600BA13B1E0B7A4B002E4D94 /* Home */ = {
			isa = PBXGroup;
			children = (
				600BA1461E0BB69A002E4D94 /* View */,
				600BA13C1E0B7A67002E4D94 /* AHHomeViewController.swift */,
				60A19DEC1E213A98007D24D2 /* AHHomeWebViewController.swift */,
			);
			path = Home;
			sourceTree = "<group>";
		};
		600BA1461E0BB69A002E4D94 /* View */ = {
			isa = PBXGroup;
			children = (
				600BA14F1E0BC469002E4D94 /* AHNavBar.swift */,
				600BA14B1E0BBA72002E4D94 /* AHHomeHeaderView.swift */,
				600BA14D1E0BBA88002E4D94 /* AHHomeHeaderView.xib */,
				600BA1471E0BB745002E4D94 /* AHHeaderSectionView.swift */,
				600BA1491E0BB753002E4D94 /* AHHeaderSectionView.xib */,
				600DD4181E0D1ABC00ACFC00 /* AHHomeCell.swift */,
				600DD4191E0D1ABC00ACFC00 /* AHHomeCell.xib */,
				6084E1721E2364C200E8AC15 /* AHSearchView.swift */,
				6084E1741E2364D000E8AC15 /* AHSearchView.xib */,
			);
			path = View;
			sourceTree = "<group>";
		};
		600D2B681DF8F1C200D57EA0 /* Extension */ = {
			isa = PBXGroup;
			children = (
				607042E31E28CB5400462731 /* NSObject+alertController.swift */,
				605E07F31E026D0E00225BA3 /* String+Extension.swift */,
				600D2B691DF8F1C200D57EA0 /* DispatchTime+Extension.swift */,
				600D2B6A1DF8F1C200D57EA0 /* NSObject+Extension.swift */,
				600D2B6B1DF8F1C200D57EA0 /* UIView+Extension.swift */,
				60F462351E49E22300FDBE72 /* CALayer+BorderColor.swift */,
				60CF67401E4AEB11001AD276 /* Validate.swift */,
			);
			path = Extension;
			sourceTree = "<group>";
		};
		600D2BA61DF8F80100D57EA0 /* Base */ = {
			isa = PBXGroup;
			children = (
				6036A86B1E23762200ACDE90 /* BaseWebViewController.swift */,
				600D2BBF1DF8FA9200D57EA0 /* BaseViewController.swift */,
				601731371DF97C200069D4C4 /* TabBarController.swift */,
				601731311DF952D40069D4C4 /* AHLaunchViewController.swift */,
			);
			path = Base;
			sourceTree = "<group>";
		};
		601CF5AC1DF836B4002AF8D5 = {
			isa = PBXGroup;
			children = (
				601CF5B71DF836B4002AF8D5 /* Gank */,
				601CF5CC1DF836B5002AF8D5 /* GankTests */,
				601CF5D71DF836B5002AF8D5 /* GankUITests */,
				601CF5B61DF836B4002AF8D5 /* Products */,
				0E0B9EBC23FB2AC050EFE4B6 /* Pods */,
				48C3906A1A4216AA1872B259 /* Frameworks */,
			);
			sourceTree = "<group>";
		};
		601CF5B61DF836B4002AF8D5 /* Products */ = {
			isa = PBXGroup;
			children = (
				601CF5B51DF836B4002AF8D5 /* Gank.app */,
				601CF5C91DF836B5002AF8D5 /* GankTests.xctest */,
				601CF5D41DF836B5002AF8D5 /* GankUITests.xctest */,
			);
			name = Products;
			sourceTree = "<group>";
		};
		601CF5B71DF836B4002AF8D5 /* Gank */ = {
			isa = PBXGroup;
			children = (
				601CF5B81DF836B4002AF8D5 /* AppDelegate.swift */,
				60396BEA1DF83C6A00A23DAA /* AHConfig.swift */,
				601CF5E81DF8379A002AF8D5 /* AHMainViewController.swift */,
				60C7F8C71DFA9CB20069E69A /* Gank-Bridging-Header.h */,
				601CF5BF1DF836B4002AF8D5 /* Assets.xcassets */,
				601CF5C41DF836B4002AF8D5 /* Info.plist */,
				60396BE31DF83BE900A23DAA /* Class */,
				60396BE71DF83C0F00A23DAA /* Model */,
				600D2BA61DF8F80100D57EA0 /* Base */,
				60396BE91DF83C2300A23DAA /* Utility */,
				600D2B681DF8F1C200D57EA0 /* Extension */,
				60396BE11DF83BCF00A23DAA /* AHNetworking */,
				60396BE81DF83C1E00A23DAA /* Resource */,
				608EED101DF985A000D1984A /* Other */,
			);
			path = Gank;
			sourceTree = "<group>";
		};
		601CF5CC1DF836B5002AF8D5 /* GankTests */ = {
			isa = PBXGroup;
			children = (
				601CF5CD1DF836B5002AF8D5 /* GankTests.swift */,
				601CF5CF1DF836B5002AF8D5 /* Info.plist */,
			);
			path = GankTests;
			sourceTree = "<group>";
		};
		601CF5D71DF836B5002AF8D5 /* GankUITests */ = {
			isa = PBXGroup;
			children = (
				601CF5D81DF836B5002AF8D5 /* GankUITests.swift */,
				601CF5DA1DF836B5002AF8D5 /* Info.plist */,
			);
			path = GankUITests;
			sourceTree = "<group>";
		};
		6032438C1E038F0000484FC1 /* View */ = {
			isa = PBXGroup;
			children = (
				6045F3771E0919FB002B0FB6 /* AHWebToolView.swift */,
				6045F3791E091A06002B0FB6 /* AHWebToolView.xib */,
				602754BB1E00FCC400A2B757 /* AHClassCell.swift */,
				602754BC1E00FCC400A2B757 /* AHClassCell.xib */,
				60144E9F1E01632C00AC31D1 /* AHImageCell.swift */,
				60144EA01E01632C00AC31D1 /* AHImageCell.xib */,
				60F0EE811E041AB800D8ECA0 /* AHPhotoBrowser.swift */,
				6069380E1E04E86900918949 /* AHBrowserImageView.swift */,
				606938101E05303700918949 /* AHWaitingView.swift */,
			);
			name = View;
			sourceTree = "<group>";
		};
		6036A86F1E23767600ACDE90 /* Search */ = {
			isa = PBXGroup;
			children = (
				60C0935E1E2DBFF2004D6B90 /* View */,
				6036A8721E2376A600ACDE90 /* AHSearchViewController.swift */,
				6036A8741E2377DB00ACDE90 /* AHSearchViewController.xib */,
			);
			path = Search;
			sourceTree = "<group>";
		};
		60396BE11DF83BCF00A23DAA /* AHNetworking */ = {
			isa = PBXGroup;
			children = (
				6073DD131DFFC46700C99E9C /* AHNewWorkingAgent.swift */,
				6073DD151DFFC49E00C99E9C /* AHNetWorking.swift */,
			);
			path = AHNetworking;
			sourceTree = "<group>";
		};
		60396BE31DF83BE900A23DAA /* Class */ = {
			isa = PBXGroup;
			children = (
				60F462301E49AEDA00FDBE72 /* Login */,
				604A29BE1E27677200228F69 /* TurnChannel */,
				6036A86F1E23767600ACDE90 /* Search */,
				600BA13B1E0B7A4B002E4D94 /* Home */,
				60396BE41DF83BE900A23DAA /* Gank */,
				60396BE51DF83BE900A23DAA /* Mine */,
			);
			path = Class;
			sourceTree = "<group>";
		};
		60396BE41DF83BE900A23DAA /* Gank */ = {
			isa = PBXGroup;
			children = (
				6032438C1E038F0000484FC1 /* View */,
				600D2B741DF8F35C00D57EA0 /* AHGankViewController.swift */,
				601560911DFE820F00369E64 /* AHClassViewController.swift */,
				6045F37B1E092148002B0FB6 /* AHClassWebViewController.swift */,
			);
			path = Gank;
			sourceTree = "<group>";
		};
		60396BE51DF83BE900A23DAA /* Mine */ = {
			isa = PBXGroup;
			children = (
				600D2B721DF8F33E00D57EA0 /* AHMineViewController.swift */,
			);
			path = Mine;
			sourceTree = "<group>";
		};
		60396BE71DF83C0F00A23DAA /* Model */ = {
			isa = PBXGroup;
			children = (
				600906E81E0020A6002F0A73 /* AHClassModel.swift */,
				600BA1441E0B9478002E4D94 /* AHHomeGankModel.swift */,
				600BA13E1E0B7AC8002E4D94 /* AHHomeGroupModel.swift */,
				6020138C1E24FBD7009C0184 /* AHSearchGankModel.swift */,
			);
			path = Model;
			sourceTree = "<group>";
		};
		60396BE81DF83C1E00A23DAA /* Resource */ = {
			isa = PBXGroup;
			children = (
				6029BE901E4B30D600FCC56B /* icon_show_blue@2x.png */,
				6029BE911E4B30D700FCC56B /* icon_show@2x.png */,
				6089C9381E2E077200ACE2CB /* icon_collect@2x.png */,
				6089C9391E2E077200ACE2CB /* icon_safari@2x.png */,
				6089C93A1E2E077200ACE2CB /* icon_share@2x.png */,
				60C0935C1E2DBDBC004D6B90 /* icon_search_blue@2x.png */,
				607042DF1E2870B700462731 /* icon_search_ gray@2x.png */,
				604A29C71E27713B00228F69 /* icon_clean@2x.png */,
				6084E1761E23660000E8AC15 /* icon_search@2x.png */,
				60939DBF1E223F03003B3F13 /* icon_close_second@2x.png */,
				60939DB71E220409003B3F13 /* icon_more@2x.png */,
				6074E3F01E0A6CF0006BCC8D /* icon_editor@2x.png */,
				6074E3EA1E0A5F03006BCC8D /* icon_time@2x.png */,
				6045F3871E093529002B0FB6 /* toolBar_back@2x.png */,
				6045F3881E093529002B0FB6 /* toolBar_forward@2x.png */,
				6045F38B1E093529002B0FB6 /* toolBar_reload@2x.png */,
				6045F3911E093624002B0FB6 /* toolBar_like_select@2x.png */,
				6045F3921E093624002B0FB6 /* toolBar_like@2x.png */,
				6045F3851E09344C002B0FB6 /* nav_ list@2x.png */,
				6045F37F1E09316C002B0FB6 /* nav_back@2x.png */,
				606B1E291DFD7DFD00BD86E2 /* close_button@2x.png */,
				60C7F8CF1DFAD3FE0069E69A /* close2_button@2x.png */,
				600BA1401E0B7E58002E4D94 /* tabbar_home_highlighted@2x.png */,
				600BA1411E0B7E58002E4D94 /* tabbar_home@2x.png */,
				60C7F8B91DFA6B4E0069E69A /* find_select@2x.png */,
				60C7F8BA1DFA6B4E0069E69A /* find@2x.png */,
				60C7F8BB1DFA6B4E0069E69A /* property_select@2x.png */,
				60C7F8BC1DFA6B4E0069E69A /* property@2x.png */,
				60C7F8BD1DFA6B4E0069E69A /* tabBar_bgwhiteColor@2x.png */,
				60C7F8B71DFA6B390069E69A /* back@2x.png */,
				608EED131DF9864700D1984A /* adver.png */,
				60DDC8671DF8FD88003F1464 /* loading1.png */,
				60DDC8681DF8FD88003F1464 /* loading2.png */,
				60DDC8691DF8FD88003F1464 /* loading3.png */,
				60DDC86A1DF8FD88003F1464 /* loading4.png */,
				60DDC86B1DF8FD88003F1464 /* loading5.png */,
				60939DBD1E221E19003B3F13 /* add_button_normal@2x.png */,
			);
			path = Resource;
			sourceTree = "<group>";
		};
		60396BE91DF83C2300A23DAA /* Utility */ = {
			isa = PBXGroup;
			children = (
				608C52311E2F70B100BBE794 /* SQLite */,
				60939DB61E21EA27003B3F13 /* Transtion */,
				602754BF1E01260700A2B757 /* FPSLabel.h */,
				602754C01E01260700A2B757 /* FPSLabel.m */,
				607042E11E28C69700462731 /* ToolKit.swift */,
				60C7F8B51DFA66D30069E69A /* AHDisplayViewController.swift */,
				600D2BA21DF8F7A900D57EA0 /* AHLaunchImageView.swift */,
				608EED151DF9898C00D1984A /* AHTimeButton.swift */,
				601560931DFEC46F00369E64 /* AHLoadingView.swift */,
				60C093631E2DEF99004D6B90 /* AHMoreView.swift */,
				60C093651E2DEFA6004D6B90 /* AHMoreView.xib */,
				6089C93E1E2E07C900ACE2CB /* AHMoreCell.swift */,
				6089C93F1E2E07C900ACE2CB /* AHMoreCell.xib */,
			);
			path = Utility;
			sourceTree = "<group>";
		};
		604A29BE1E27677200228F69 /* TurnChannel */ = {
			isa = PBXGroup;
			children = (
				604A29C21E2767FE00228F69 /* AHTurnChannelViewController.swift */,
				604A29BF1E2767FE00228F69 /* AHListView.swift */,
				604A29C01E2767FE00228F69 /* AHMoreListView.swift */,
				604A29C11E2767FE00228F69 /* AHTagBtn.swift */,
			);
			path = TurnChannel;
			sourceTree = "<group>";
		};
		608C52311E2F70B100BBE794 /* SQLite */ = {
			isa = PBXGroup;
			children = (
				608C522F1E2F678600BBE794 /* SQLiteManager.swift */,
				608C52321E2F70C800BBE794 /* AHGankDAO.swift */,
			);
			path = SQLite;
			sourceTree = "<group>";
		};
		608EED101DF985A000D1984A /* Other */ = {
			isa = PBXGroup;
			children = (
			);
			path = Other;
			sourceTree = "<group>";
		};
		60939DB61E21EA27003B3F13 /* Transtion */ = {
			isa = PBXGroup;
			children = (
				60EB315A1E2374E100E93715 /* AHPushTransition.swift */,
				60EB31561E2374D900E93715 /* AHClosePopTranstion.swift */,
				60EB31571E2374D900E93715 /* AHPopTranstion.swift */,
				60939DB91E220AA8003B3F13 /* AHTurnVCTransitionManager.swift */,
				60939DBB1E220BC0003B3F13 /* AHPresentationController.swift */,
			);
			path = Transtion;
			sourceTree = "<group>";
		};
		60C0935E1E2DBFF2004D6B90 /* View */ = {
			isa = PBXGroup;
			children = (
				604A29BA1E273C3100228F69 /* AHSearchListView.swift */,
				604A29BC1E27629800228F69 /* AHSeatchTagBtn.swift */,
				606920BB1E2B927C0010945F /* AHSearchCell.swift */,
				606920BC1E2B927C0010945F /* AHSearchCell.xib */,
			);
			path = View;
			sourceTree = "<group>";
		};
		60F462301E49AEDA00FDBE72 /* Login */ = {
			isa = PBXGroup;
			children = (
				60F462311E49AF5700FDBE72 /* AHLoginViewController.swift */,
				60F462321E49AF5700FDBE72 /* AHLoginViewController.xib */,
				60CF67421E4B1B58001AD276 /* AHRegisterViewController.swift */,
				60CF67431E4B1B58001AD276 /* AHRegisterViewController.xib */,
			);
			path = Login;
			sourceTree = "<group>";
		};
/* End PBXGroup section */

/* Begin PBXNativeTarget section */
		601CF5B41DF836B4002AF8D5 /* Gank */ = {
			isa = PBXNativeTarget;
			buildConfigurationList = 601CF5DD1DF836B5002AF8D5 /* Build configuration list for PBXNativeTarget "Gank" */;
			buildPhases = (
				A50A4088763E1BEDCA6AE77F /* [CP] Check Pods Manifest.lock */,
				601CF5B11DF836B4002AF8D5 /* Sources */,
				601CF5B21DF836B4002AF8D5 /* Frameworks */,
				601CF5B31DF836B4002AF8D5 /* Resources */,
				881FAEB62DC53E6410E512D0 /* [CP] Embed Pods Frameworks */,
				18F07969716185540C965370 /* [CP] Copy Pods Resources */,
			);
			buildRules = (
			);
			dependencies = (
			);
			name = Gank;
			productName = Gank;
			productReference = 601CF5B51DF836B4002AF8D5 /* Gank.app */;
			productType = "com.apple.product-type.application";
		};
		601CF5C81DF836B5002AF8D5 /* GankTests */ = {
			isa = PBXNativeTarget;
			buildConfigurationList = 601CF5E01DF836B5002AF8D5 /* Build configuration list for PBXNativeTarget "GankTests" */;
			buildPhases = (
				601CF5C51DF836B5002AF8D5 /* Sources */,
				601CF5C61DF836B5002AF8D5 /* Frameworks */,
				601CF5C71DF836B5002AF8D5 /* Resources */,
			);
			buildRules = (
			);
			dependencies = (
				601CF5CB1DF836B5002AF8D5 /* PBXTargetDependency */,
			);
			name = GankTests;
			productName = GankTests;
			productReference = 601CF5C91DF836B5002AF8D5 /* GankTests.xctest */;
			productType = "com.apple.product-type.bundle.unit-test";
		};
		601CF5D31DF836B5002AF8D5 /* GankUITests */ = {
			isa = PBXNativeTarget;
			buildConfigurationList = 601CF5E31DF836B5002AF8D5 /* Build configuration list for PBXNativeTarget "GankUITests" */;
			buildPhases = (
				601CF5D01DF836B5002AF8D5 /* Sources */,
				601CF5D11DF836B5002AF8D5 /* Frameworks */,
				601CF5D21DF836B5002AF8D5 /* Resources */,
			);
			buildRules = (
			);
			dependencies = (
				601CF5D61DF836B5002AF8D5 /* PBXTargetDependency */,
			);
			name = GankUITests;
			productName = GankUITests;
			productReference = 601CF5D41DF836B5002AF8D5 /* GankUITests.xctest */;
			productType = "com.apple.product-type.bundle.ui-testing";
		};
/* End PBXNativeTarget section */

/* Begin PBXProject section */
		601CF5AD1DF836B4002AF8D5 /* Project object */ = {
			isa = PBXProject;
			attributes = {
				CLASSPREFIX = AH;
				LastSwiftUpdateCheck = 0810;
				LastUpgradeCheck = 0820;
				ORGANIZATIONNAME = CoderAhuan;
				TargetAttributes = {
					601CF5B41DF836B4002AF8D5 = {
						CreatedOnToolsVersion = 8.1;
						DevelopmentTeam = LSWWVUU45W;
						LastSwiftMigration = 0810;
						ProvisioningStyle = Automatic;
					};
					601CF5C81DF836B5002AF8D5 = {
						CreatedOnToolsVersion = 8.1;
						DevelopmentTeam = LSWWVUU45W;
						ProvisioningStyle = Automatic;
						TestTargetID = 601CF5B41DF836B4002AF8D5;
					};
					601CF5D31DF836B5002AF8D5 = {
						CreatedOnToolsVersion = 8.1;
						DevelopmentTeam = LSWWVUU45W;
						ProvisioningStyle = Automatic;
						TestTargetID = 601CF5B41DF836B4002AF8D5;
					};
				};
			};
			buildConfigurationList = 601CF5B01DF836B4002AF8D5 /* Build configuration list for PBXProject "Gank" */;
			compatibilityVersion = "Xcode 3.2";
			developmentRegion = English;
			hasScannedForEncodings = 0;
			knownRegions = (
				en,
				Base,
			);
			mainGroup = 601CF5AC1DF836B4002AF8D5;
			productRefGroup = 601CF5B61DF836B4002AF8D5 /* Products */;
			projectDirPath = "";
			projectRoot = "";
			targets = (
				601CF5B41DF836B4002AF8D5 /* Gank */,
				601CF5C81DF836B5002AF8D5 /* GankTests */,
				601CF5D31DF836B5002AF8D5 /* GankUITests */,
			);
		};
/* End PBXProject section */

/* Begin PBXResourcesBuildPhase section */
		601CF5B31DF836B4002AF8D5 /* Resources */ = {
			isa = PBXResourcesBuildPhase;
			buildActionMask = 2147483647;
			files = (
				60DDC86E1DF8FD88003F1464 /* loading3.png in Resources */,
				6045F3901E093529002B0FB6 /* toolBar_reload@2x.png in Resources */,
				607042E01E2870B700462731 /* icon_search_ gray@2x.png in Resources */,
				60DDC86C1DF8FD88003F1464 /* loading1.png in Resources */,
				60939DB81E220409003B3F13 /* icon_more@2x.png in Resources */,
				60DDC8701DF8FD88003F1464 /* loading5.png in Resources */,
				6045F3941E093624002B0FB6 /* toolBar_like@2x.png in Resources */,
				60C7F8C21DFA6B4E0069E69A /* tabBar_bgwhiteColor@2x.png in Resources */,
				6036A8751E2377DB00ACDE90 /* AHSearchViewController.xib in Resources */,
				6045F3801E09316C002B0FB6 /* nav_back@2x.png in Resources */,
				606920BE1E2B927C0010945F /* AHSearchCell.xib in Resources */,
				6089C93D1E2E077200ACE2CB /* icon_share@2x.png in Resources */,
				60C7F8C01DFA6B4E0069E69A /* property_select@2x.png in Resources */,
				60C7F8C11DFA6B4E0069E69A /* property@2x.png in Resources */,
				6089C9411E2E07C900ACE2CB /* AHMoreCell.xib in Resources */,
				6045F37A1E091A06002B0FB6 /* AHWebToolView.xib in Resources */,
				604A29C81E27713B00228F69 /* icon_clean@2x.png in Resources */,
				600BA14A1E0BB753002E4D94 /* AHHeaderSectionView.xib in Resources */,
				60C093661E2DEFA6004D6B90 /* AHMoreView.xib in Resources */,
				60C7F8D01DFAD3FE0069E69A /* close2_button@2x.png in Resources */,
				6089C93B1E2E077200ACE2CB /* icon_collect@2x.png in Resources */,
				6074E3F11E0A6CF0006BCC8D /* icon_editor@2x.png in Resources */,
				60939DC01E223F03003B3F13 /* icon_close_second@2x.png in Resources */,
				60DDC86F1DF8FD88003F1464 /* loading4.png in Resources */,
				600BA1421E0B7E58002E4D94 /* tabbar_home_highlighted@2x.png in Resources */,
				600BA14E1E0BBA88002E4D94 /* AHHomeHeaderView.xib in Resources */,
				6045F3931E093624002B0FB6 /* toolBar_like_select@2x.png in Resources */,
				6084E1751E2364D000E8AC15 /* AHSearchView.xib in Resources */,
				6045F3861E09344C002B0FB6 /* nav_ list@2x.png in Resources */,
				6074E3EC1E0A5F03006BCC8D /* icon_time@2x.png in Resources */,
				60C7F8BE1DFA6B4E0069E69A /* find_select@2x.png in Resources */,
				60144EA21E01632C00AC31D1 /* AHImageCell.xib in Resources */,
				60C7F8B81DFA6B390069E69A /* back@2x.png in Resources */,
				601CF5C01DF836B4002AF8D5 /* Assets.xcassets in Resources */,
				608EED141DF9864700D1984A /* adver.png in Resources */,
				6045F38D1E093529002B0FB6 /* toolBar_forward@2x.png in Resources */,
				60DDC86D1DF8FD88003F1464 /* loading2.png in Resources */,
				602754BE1E00FCC400A2B757 /* AHClassCell.xib in Resources */,
				600BA1431E0B7E58002E4D94 /* tabbar_home@2x.png in Resources */,
				6029BE931E4B30D700FCC56B /* icon_show@2x.png in Resources */,
				6045F38C1E093529002B0FB6 /* toolBar_back@2x.png in Resources */,
				600DD41B1E0D1ABC00ACFC00 /* AHHomeCell.xib in Resources */,
				60939DBE1E221E19003B3F13 /* add_button_normal@2x.png in Resources */,
				6084E1771E23660000E8AC15 /* icon_search@2x.png in Resources */,
				60F462341E49AF5700FDBE72 /* AHLoginViewController.xib in Resources */,
				6089C93C1E2E077200ACE2CB /* icon_safari@2x.png in Resources */,
				60C7F8BF1DFA6B4E0069E69A /* find@2x.png in Resources */,
				60CF67451E4B1B58001AD276 /* AHRegisterViewController.xib in Resources */,
				606B1E2A1DFD7DFD00BD86E2 /* close_button@2x.png in Resources */,
				6029BE921E4B30D700FCC56B /* icon_show_blue@2x.png in Resources */,
				60C0935D1E2DBDBC004D6B90 /* icon_search_blue@2x.png in Resources */,
			);
			runOnlyForDeploymentPostprocessing = 0;
		};
		601CF5C71DF836B5002AF8D5 /* Resources */ = {
			isa = PBXResourcesBuildPhase;
			buildActionMask = 2147483647;
			files = (
			);
			runOnlyForDeploymentPostprocessing = 0;
		};
		601CF5D21DF836B5002AF8D5 /* Resources */ = {
			isa = PBXResourcesBuildPhase;
			buildActionMask = 2147483647;
			files = (
			);
			runOnlyForDeploymentPostprocessing = 0;
		};
/* End PBXResourcesBuildPhase section */

/* Begin PBXShellScriptBuildPhase section */
		18F07969716185540C965370 /* [CP] Copy Pods Resources */ = {
			isa = PBXShellScriptBuildPhase;
			buildActionMask = 2147483647;
			files = (
			);
			inputPaths = (
			);
			name = "[CP] Copy Pods Resources";
			outputPaths = (
			);
			runOnlyForDeploymentPostprocessing = 0;
			shellPath = /bin/sh;
			shellScript = "\"${SRCROOT}/Pods/Target Support Files/Pods-Gank/Pods-Gank-resources.sh\"\n";
			showEnvVarsInLog = 0;
		};
		881FAEB62DC53E6410E512D0 /* [CP] Embed Pods Frameworks */ = {
			isa = PBXShellScriptBuildPhase;
			buildActionMask = 2147483647;
			files = (
			);
			inputPaths = (
			);
			name = "[CP] Embed Pods Frameworks";
			outputPaths = (
			);
			runOnlyForDeploymentPostprocessing = 0;
			shellPath = /bin/sh;
			shellScript = "\"${SRCROOT}/Pods/Target Support Files/Pods-Gank/Pods-Gank-frameworks.sh\"\n";
			showEnvVarsInLog = 0;
		};
		A50A4088763E1BEDCA6AE77F /* [CP] Check Pods Manifest.lock */ = {
			isa = PBXShellScriptBuildPhase;
			buildActionMask = 2147483647;
			files = (
			);
			inputPaths = (
			);
			name = "[CP] Check Pods Manifest.lock";
			outputPaths = (
			);
			runOnlyForDeploymentPostprocessing = 0;
			shellPath = /bin/sh;
			shellScript = "diff \"${PODS_ROOT}/../Podfile.lock\" \"${PODS_ROOT}/Manifest.lock\" > /dev/null\nif [ $? != 0 ] ; then\n    # print error to STDERR\n    echo \"error: The sandbox is not in sync with the Podfile.lock. Run 'pod install' or update your CocoaPods installation.\" >&2\n    exit 1\nfi\n";
			showEnvVarsInLog = 0;
		};
/* End PBXShellScriptBuildPhase section */

/* Begin PBXSourcesBuildPhase section */
		601CF5B11DF836B4002AF8D5 /* Sources */ = {
			isa = PBXSourcesBuildPhase;
			buildActionMask = 2147483647;
			files = (
				604A29C51E2767FE00228F69 /* AHTagBtn.swift in Sources */,
				6069380F1E04E86900918949 /* AHBrowserImageView.swift in Sources */,
				60396BEB1DF83C6A00A23DAA /* AHConfig.swift in Sources */,
				608EED161DF9898C00D1984A /* AHTimeButton.swift in Sources */,
				604A29BD1E27629800228F69 /* AHSeatchTagBtn.swift in Sources */,
				600D2B6E1DF8F1C200D57EA0 /* UIView+Extension.swift in Sources */,
				606920BD1E2B927C0010945F /* AHSearchCell.swift in Sources */,
				60A19DED1E213A98007D24D2 /* AHHomeWebViewController.swift in Sources */,
				6036A8731E2376A600ACDE90 /* AHSearchViewController.swift in Sources */,
				600BA1451E0B9478002E4D94 /* AHHomeGankModel.swift in Sources */,
				6084E1731E2364C200E8AC15 /* AHSearchView.swift in Sources */,
				601560921DFE820F00369E64 /* AHClassViewController.swift in Sources */,
				608C52301E2F678600BBE794 /* SQLiteManager.swift in Sources */,
				601731381DF97C200069D4C4 /* TabBarController.swift in Sources */,
				60EB31591E2374D900E93715 /* AHPopTranstion.swift in Sources */,
				600D2BA31DF8F7A900D57EA0 /* AHLaunchImageView.swift in Sources */,
				601731321DF952D40069D4C4 /* AHLaunchViewController.swift in Sources */,
				60F462331E49AF5700FDBE72 /* AHLoginViewController.swift in Sources */,
				605E07F41E026D0E00225BA3 /* String+Extension.swift in Sources */,
				604A29BB1E273C3100228F69 /* AHSearchListView.swift in Sources */,
				601560941DFEC46F00369E64 /* AHLoadingView.swift in Sources */,
				60EB31581E2374D900E93715 /* AHClosePopTranstion.swift in Sources */,
				604A29C61E2767FE00228F69 /* AHTurnChannelViewController.swift in Sources */,
				600BA1501E0BC469002E4D94 /* AHNavBar.swift in Sources */,
				600BA1481E0BB745002E4D94 /* AHHeaderSectionView.swift in Sources */,
				600D2B6C1DF8F1C200D57EA0 /* DispatchTime+Extension.swift in Sources */,
				600D2BC01DF8FA9200D57EA0 /* BaseViewController.swift in Sources */,
				6045F3781E0919FB002B0FB6 /* AHWebToolView.swift in Sources */,
				6020138D1E24FBD8009C0184 /* AHSearchGankModel.swift in Sources */,
				607042E21E28C69700462731 /* ToolKit.swift in Sources */,
				606938111E05303700918949 /* AHWaitingView.swift in Sources */,
				60939DBA1E220AA8003B3F13 /* AHTurnVCTransitionManager.swift in Sources */,
				6073DD141DFFC46700C99E9C /* AHNewWorkingAgent.swift in Sources */,
				604A29C41E2767FE00228F69 /* AHMoreListView.swift in Sources */,
				60CF67411E4AEB11001AD276 /* Validate.swift in Sources */,
				604A29C31E2767FE00228F69 /* AHListView.swift in Sources */,
				608C52331E2F70C800BBE794 /* AHGankDAO.swift in Sources */,
				6073DD161DFFC49E00C99E9C /* AHNetWorking.swift in Sources */,
				600906E91E0020A6002F0A73 /* AHClassModel.swift in Sources */,
				60C093641E2DEF99004D6B90 /* AHMoreView.swift in Sources */,
				60144EA11E01632C00AC31D1 /* AHImageCell.swift in Sources */,
				600BA13D1E0B7A67002E4D94 /* AHHomeViewController.swift in Sources */,
				60CF67441E4B1B58001AD276 /* AHRegisterViewController.swift in Sources */,
				600BA14C1E0BBA72002E4D94 /* AHHomeHeaderView.swift in Sources */,
				601CF5B91DF836B4002AF8D5 /* AppDelegate.swift in Sources */,
				6045F37C1E092148002B0FB6 /* AHClassWebViewController.swift in Sources */,
				60939DBC1E220BC0003B3F13 /* AHPresentationController.swift in Sources */,
				600BA13F1E0B7AC8002E4D94 /* AHHomeGroupModel.swift in Sources */,
				60C7F8B61DFA66D30069E69A /* AHDisplayViewController.swift in Sources */,
				60EB315B1E2374E100E93715 /* AHPushTransition.swift in Sources */,
				601CF5E91DF8379A002AF8D5 /* AHMainViewController.swift in Sources */,
				6036A86C1E23762200ACDE90 /* BaseWebViewController.swift in Sources */,
				6089C9401E2E07C900ACE2CB /* AHMoreCell.swift in Sources */,
				602754C11E01260700A2B757 /* FPSLabel.m in Sources */,
				60F0EE821E041AB800D8ECA0 /* AHPhotoBrowser.swift in Sources */,
				60F462361E49E22300FDBE72 /* CALayer+BorderColor.swift in Sources */,
				600D2B731DF8F33E00D57EA0 /* AHMineViewController.swift in Sources */,
				600D2B751DF8F35C00D57EA0 /* AHGankViewController.swift in Sources */,
				602754BD1E00FCC400A2B757 /* AHClassCell.swift in Sources */,
				607042E41E28CB5400462731 /* NSObject+alertController.swift in Sources */,
				600DD41A1E0D1ABC00ACFC00 /* AHHomeCell.swift in Sources */,
				600D2B6D1DF8F1C200D57EA0 /* NSObject+Extension.swift in Sources */,
			);
			runOnlyForDeploymentPostprocessing = 0;
		};
		601CF5C51DF836B5002AF8D5 /* Sources */ = {
			isa = PBXSourcesBuildPhase;
			buildActionMask = 2147483647;
			files = (
				601CF5CE1DF836B5002AF8D5 /* GankTests.swift in Sources */,
			);
			runOnlyForDeploymentPostprocessing = 0;
		};
		601CF5D01DF836B5002AF8D5 /* Sources */ = {
			isa = PBXSourcesBuildPhase;
			buildActionMask = 2147483647;
			files = (
				601CF5D91DF836B5002AF8D5 /* GankUITests.swift in Sources */,
			);
			runOnlyForDeploymentPostprocessing = 0;
		};
/* End PBXSourcesBuildPhase section */

/* Begin PBXTargetDependency section */
		601CF5CB1DF836B5002AF8D5 /* PBXTargetDependency */ = {
			isa = PBXTargetDependency;
			target = 601CF5B41DF836B4002AF8D5 /* Gank */;
			targetProxy = 601CF5CA1DF836B5002AF8D5 /* PBXContainerItemProxy */;
		};
		601CF5D61DF836B5002AF8D5 /* PBXTargetDependency */ = {
			isa = PBXTargetDependency;
			target = 601CF5B41DF836B4002AF8D5 /* Gank */;
			targetProxy = 601CF5D51DF836B5002AF8D5 /* PBXContainerItemProxy */;
		};
/* End PBXTargetDependency section */

/* Begin XCBuildConfiguration section */
		601CF5DB1DF836B5002AF8D5 /* Debug */ = {
			isa = XCBuildConfiguration;
			buildSettings = {
				ALWAYS_SEARCH_USER_PATHS = NO;
				CLANG_ANALYZER_NONNULL = YES;
				CLANG_CXX_LANGUAGE_STANDARD = "gnu++0x";
				CLANG_CXX_LIBRARY = "libc++";
				CLANG_ENABLE_MODULES = YES;
				CLANG_ENABLE_OBJC_ARC = YES;
				CLANG_WARN_BOOL_CONVERSION = YES;
				CLANG_WARN_CONSTANT_CONVERSION = YES;
				CLANG_WARN_DIRECT_OBJC_ISA_USAGE = YES_ERROR;
				CLANG_WARN_DOCUMENTATION_COMMENTS = YES;
				CLANG_WARN_EMPTY_BODY = YES;
				CLANG_WARN_ENUM_CONVERSION = YES;
				CLANG_WARN_INFINITE_RECURSION = YES;
				CLANG_WARN_INT_CONVERSION = YES;
				CLANG_WARN_OBJC_ROOT_CLASS = YES_ERROR;
				CLANG_WARN_SUSPICIOUS_MOVE = YES;
				CLANG_WARN_SUSPICIOUS_MOVES = YES;
				CLANG_WARN_UNREACHABLE_CODE = YES;
				CLANG_WARN__DUPLICATE_METHOD_MATCH = YES;
				"CODE_SIGN_IDENTITY[sdk=iphoneos*]" = "iPhone Developer";
				COPY_PHASE_STRIP = NO;
				DEBUG_INFORMATION_FORMAT = dwarf;
				ENABLE_STRICT_OBJC_MSGSEND = YES;
				ENABLE_TESTABILITY = YES;
				GCC_C_LANGUAGE_STANDARD = gnu99;
				GCC_DYNAMIC_NO_PIC = NO;
				GCC_NO_COMMON_BLOCKS = YES;
				GCC_OPTIMIZATION_LEVEL = 0;
				GCC_PREPROCESSOR_DEFINITIONS = (
					"DEBUG=1",
					"$(inherited)",
				);
				GCC_WARN_64_TO_32_BIT_CONVERSION = YES;
				GCC_WARN_ABOUT_RETURN_TYPE = YES_ERROR;
				GCC_WARN_UNDECLARED_SELECTOR = YES;
				GCC_WARN_UNINITIALIZED_AUTOS = YES_AGGRESSIVE;
				GCC_WARN_UNUSED_FUNCTION = YES;
				GCC_WARN_UNUSED_VARIABLE = YES;
				IPHONEOS_DEPLOYMENT_TARGET = 9.0;
				MTL_ENABLE_DEBUG_INFO = YES;
				ONLY_ACTIVE_ARCH = YES;
				SDKROOT = iphoneos;
				SWIFT_ACTIVE_COMPILATION_CONDITIONS = DEBUG;
				SWIFT_OPTIMIZATION_LEVEL = "-Onone";
			};
			name = Debug;
		};
		601CF5DC1DF836B5002AF8D5 /* Release */ = {
			isa = XCBuildConfiguration;
			buildSettings = {
				ALWAYS_SEARCH_USER_PATHS = NO;
				CLANG_ANALYZER_NONNULL = YES;
				CLANG_CXX_LANGUAGE_STANDARD = "gnu++0x";
				CLANG_CXX_LIBRARY = "libc++";
				CLANG_ENABLE_MODULES = YES;
				CLANG_ENABLE_OBJC_ARC = YES;
				CLANG_WARN_BOOL_CONVERSION = YES;
				CLANG_WARN_CONSTANT_CONVERSION = YES;
				CLANG_WARN_DIRECT_OBJC_ISA_USAGE = YES_ERROR;
				CLANG_WARN_DOCUMENTATION_COMMENTS = YES;
				CLANG_WARN_EMPTY_BODY = YES;
				CLANG_WARN_ENUM_CONVERSION = YES;
				CLANG_WARN_INFINITE_RECURSION = YES;
				CLANG_WARN_INT_CONVERSION = YES;
				CLANG_WARN_OBJC_ROOT_CLASS = YES_ERROR;
				CLANG_WARN_SUSPICIOUS_MOVE = YES;
				CLANG_WARN_SUSPICIOUS_MOVES = YES;
				CLANG_WARN_UNREACHABLE_CODE = YES;
				CLANG_WARN__DUPLICATE_METHOD_MATCH = YES;
				"CODE_SIGN_IDENTITY[sdk=iphoneos*]" = "iPhone Developer";
				COPY_PHASE_STRIP = NO;
				DEBUG_INFORMATION_FORMAT = "dwarf-with-dsym";
				ENABLE_NS_ASSERTIONS = NO;
				ENABLE_STRICT_OBJC_MSGSEND = YES;
				GCC_C_LANGUAGE_STANDARD = gnu99;
				GCC_NO_COMMON_BLOCKS = YES;
				GCC_WARN_64_TO_32_BIT_CONVERSION = YES;
				GCC_WARN_ABOUT_RETURN_TYPE = YES_ERROR;
				GCC_WARN_UNDECLARED_SELECTOR = YES;
				GCC_WARN_UNINITIALIZED_AUTOS = YES_AGGRESSIVE;
				GCC_WARN_UNUSED_FUNCTION = YES;
				GCC_WARN_UNUSED_VARIABLE = YES;
				IPHONEOS_DEPLOYMENT_TARGET = 9.0;
				MTL_ENABLE_DEBUG_INFO = NO;
				SDKROOT = iphoneos;
				SWIFT_OPTIMIZATION_LEVEL = "-Owholemodule";
				VALIDATE_PRODUCT = YES;
			};
			name = Release;
		};
		601CF5DE1DF836B5002AF8D5 /* Debug */ = {
			isa = XCBuildConfiguration;
			baseConfigurationReference = 92E140CCC03B446F1E0E29B6 /* Pods-Gank.debug.xcconfig */;
			buildSettings = {
				ALWAYS_EMBED_SWIFT_STANDARD_LIBRARIES = YES;
				ASSETCATALOG_COMPILER_APPICON_NAME = AppIcon;
				ASSETCATALOG_COMPILER_LAUNCHIMAGE_NAME = LaunchImage;
				CLANG_ENABLE_MODULES = YES;
				DEVELOPMENT_TEAM = LSWWVUU45W;
				INFOPLIST_FILE = Gank/Info.plist;
				IPHONEOS_DEPLOYMENT_TARGET = 9.0;
				LD_RUNPATH_SEARCH_PATHS = "$(inherited) @executable_path/Frameworks";
				PRODUCT_BUNDLE_IDENTIFIER = CoderAhuan.Gank;
				PRODUCT_NAME = "$(TARGET_NAME)";
				"SWIFT_ACTIVE_COMPILATION_CONDITIONS[arch=*]" = "-D DEBUG";
				SWIFT_OBJC_BRIDGING_HEADER = "Gank/Gank-Bridging-Header.h";
				SWIFT_OPTIMIZATION_LEVEL = "-Onone";
				SWIFT_VERSION = 3.0;
			};
			name = Debug;
		};
		601CF5DF1DF836B5002AF8D5 /* Release */ = {
			isa = XCBuildConfiguration;
			baseConfigurationReference = 509DED76A424BF17851C5780 /* Pods-Gank.release.xcconfig */;
			buildSettings = {
				ALWAYS_EMBED_SWIFT_STANDARD_LIBRARIES = YES;
				ASSETCATALOG_COMPILER_APPICON_NAME = AppIcon;
				ASSETCATALOG_COMPILER_LAUNCHIMAGE_NAME = LaunchImage;
				CLANG_ENABLE_MODULES = YES;
				DEVELOPMENT_TEAM = LSWWVUU45W;
				INFOPLIST_FILE = Gank/Info.plist;
				IPHONEOS_DEPLOYMENT_TARGET = 9.0;
				LD_RUNPATH_SEARCH_PATHS = "$(inherited) @executable_path/Frameworks";
				PRODUCT_BUNDLE_IDENTIFIER = CoderAhuan.Gank;
				PRODUCT_NAME = "$(TARGET_NAME)";
				SWIFT_OBJC_BRIDGING_HEADER = "Gank/Gank-Bridging-Header.h";
				SWIFT_VERSION = 3.0;
			};
			name = Release;
		};
		601CF5E11DF836B5002AF8D5 /* Debug */ = {
			isa = XCBuildConfiguration;
			buildSettings = {
				ALWAYS_EMBED_SWIFT_STANDARD_LIBRARIES = YES;
				BUNDLE_LOADER = "$(TEST_HOST)";
				DEVELOPMENT_TEAM = LSWWVUU45W;
				INFOPLIST_FILE = GankTests/Info.plist;
				LD_RUNPATH_SEARCH_PATHS = "$(inherited) @executable_path/Frameworks @loader_path/Frameworks";
				PRODUCT_BUNDLE_IDENTIFIER = CoderAhuan.GankTests;
				PRODUCT_NAME = "$(TARGET_NAME)";
				SWIFT_VERSION = 3.0;
				TEST_HOST = "$(BUILT_PRODUCTS_DIR)/Gank.app/Gank";
			};
			name = Debug;
		};
		601CF5E21DF836B5002AF8D5 /* Release */ = {
			isa = XCBuildConfiguration;
			buildSettings = {
				ALWAYS_EMBED_SWIFT_STANDARD_LIBRARIES = YES;
				BUNDLE_LOADER = "$(TEST_HOST)";
				DEVELOPMENT_TEAM = LSWWVUU45W;
				INFOPLIST_FILE = GankTests/Info.plist;
				LD_RUNPATH_SEARCH_PATHS = "$(inherited) @executable_path/Frameworks @loader_path/Frameworks";
				PRODUCT_BUNDLE_IDENTIFIER = CoderAhuan.GankTests;
				PRODUCT_NAME = "$(TARGET_NAME)";
				SWIFT_VERSION = 3.0;
				TEST_HOST = "$(BUILT_PRODUCTS_DIR)/Gank.app/Gank";
			};
			name = Release;
		};
		601CF5E41DF836B5002AF8D5 /* Debug */ = {
			isa = XCBuildConfiguration;
			buildSettings = {
				ALWAYS_EMBED_SWIFT_STANDARD_LIBRARIES = YES;
				DEVELOPMENT_TEAM = LSWWVUU45W;
				INFOPLIST_FILE = GankUITests/Info.plist;
				LD_RUNPATH_SEARCH_PATHS = "$(inherited) @executable_path/Frameworks @loader_path/Frameworks";
				PRODUCT_BUNDLE_IDENTIFIER = CoderAhuan.GankUITests;
				PRODUCT_NAME = "$(TARGET_NAME)";
				SWIFT_VERSION = 3.0;
				TEST_TARGET_NAME = Gank;
			};
			name = Debug;
		};
		601CF5E51DF836B5002AF8D5 /* Release */ = {
			isa = XCBuildConfiguration;
			buildSettings = {
				ALWAYS_EMBED_SWIFT_STANDARD_LIBRARIES = YES;
				DEVELOPMENT_TEAM = LSWWVUU45W;
				INFOPLIST_FILE = GankUITests/Info.plist;
				LD_RUNPATH_SEARCH_PATHS = "$(inherited) @executable_path/Frameworks @loader_path/Frameworks";
				PRODUCT_BUNDLE_IDENTIFIER = CoderAhuan.GankUITests;
				PRODUCT_NAME = "$(TARGET_NAME)";
				SWIFT_VERSION = 3.0;
				TEST_TARGET_NAME = Gank;
			};
			name = Release;
		};
/* End XCBuildConfiguration section */

/* Begin XCConfigurationList section */
		601CF5B01DF836B4002AF8D5 /* Build configuration list for PBXProject "Gank" */ = {
			isa = XCConfigurationList;
			buildConfigurations = (
				601CF5DB1DF836B5002AF8D5 /* Debug */,
				601CF5DC1DF836B5002AF8D5 /* Release */,
			);
			defaultConfigurationIsVisible = 0;
			defaultConfigurationName = Release;
		};
		601CF5DD1DF836B5002AF8D5 /* Build configuration list for PBXNativeTarget "Gank" */ = {
			isa = XCConfigurationList;
			buildConfigurations = (
				601CF5DE1DF836B5002AF8D5 /* Debug */,
				601CF5DF1DF836B5002AF8D5 /* Release */,
			);
			defaultConfigurationIsVisible = 0;
			defaultConfigurationName = Release;
		};
		601CF5E01DF836B5002AF8D5 /* Build configuration list for PBXNativeTarget "GankTests" */ = {
			isa = XCConfigurationList;
			buildConfigurations = (
				601CF5E11DF836B5002AF8D5 /* Debug */,
				601CF5E21DF836B5002AF8D5 /* Release */,
			);
			defaultConfigurationIsVisible = 0;
			defaultConfigurationName = Release;
		};
		601CF5E31DF836B5002AF8D5 /* Build configuration list for PBXNativeTarget "GankUITests" */ = {
			isa = XCConfigurationList;
			buildConfigurations = (
				601CF5E41DF836B5002AF8D5 /* Debug */,
				601CF5E51DF836B5002AF8D5 /* Release */,
			);
			defaultConfigurationIsVisible = 0;
			defaultConfigurationName = Release;
		};
/* End XCConfigurationList section */
	};
	rootObject = 601CF5AD1DF836B4002AF8D5 /* Project object */;
}
